{
  "version": 4,
  "terraform_version": "1.2.7",
  "serial": 45,
  "lineage": "f3559f9c-ad10-e22c-7fd8-c6e4c72324da",
  "outputs": {},
  "resources": [
    {
      "mode": "data",
      "type": "aws_ecr_authorization_token",
      "name": "token",
      "provider": "provider[\"registry.terraform.io/hashicorp/aws\"]",
      "instances": [
        {
          "schema_version": 0,
          "attributes": {
            "authorization_token": "QVdTOmV5SndZWGxzYjJGa0lqb2lPWFZtZDJ4eGJVRkZUVWhvUmpFNFozZDJkVzFRZFM5T2RIZDRaREEyZFZCUFRFNDVUazFNVWt0eldEY3dObkpQVW1WcGMxYzFVbUpQTm1sVU1YZDNRVk5GZEZaTFEyTkxiSHBTUW5GRVJXSTNLMlZUUlV3NGRUTlhiMVZ0UzNGM0wyOUlZMjFLT0VSbE1rNHZWbmROYkRSVmJqTmxVRk4zYzBaMGFUQmhjVVp3ZDFCME1FeEJPVXhYUlVkU1MyeG5lRXhIYUZkcFIyWlNhSHBXYjB4NVNISTNlREJXVG5NMlkyaDBNVE5CWTJ4MksyZEJhMVowYVROUGExRkZOV2hETjFrd01FOHZkM1U1TjJ4elYzSmtiblF2VWxGME4waE5Oazh5V21GaVVYaDNhMGRxVDBJMFJFaHJlbXAxTm00MmVYQm1VRkZtYldkNkswOVNUVnBHYkRnME1rWk9SRWR3UldSSmJYSTRhWEJZV2tKMFNVdG5TU3RNY1U4MFZFWXpkMkpOU1VSd1VERnNXREE1UzI5MlRVOVZVbEpOUzI5WllVcHJNbkZEWVVrM1JtOHdWSEYxU1U1U1owdzJVbEo0YzFwbWFtbEJjVU5wYUd0elVHTlZSMEZuTmxSTWIwNWhPSGx2U21SVmExQXlXakZtVkU0eGRFb3hSR1ZKWXk5M2VqUkxRaTgxYjIxeWR6SnZaalpyUmxKaVVVNVdNaXRoUkVadFpsZDFZV2htWnpReFFrWmxVbVZRUmxremVtaGtUR0p4SzFvelprNTBPRGxYVlc5VlNuUkNPR3RoZGlzM00xSXJiblZEUkhKTFlYcG5XVWx5VlhSVGNHaDZkVlozVVZKQk0yc3JhMFJvVkdWUmEzaHJha0pNT1hsQmFIUjBkR1ZKTkc1c1dVdDNjVU5RVTFkVGFGZDZhM1prUW5ZNFJGTnZiMUZIZEZKbmVGUnlNRWxpVkZkRlVVUnlOMnhOU0RCUFZYbEtaRGN3VFdsRmQwMU1iRmRXY25sSFkySlRWMmhUTVZGRU5ua3lRa2RhVWtvek9WWjFPVGN4VlV4NFdsaG5SV1J2WmxaS1UyUlRVRkJ4WkRZNGRFWkxXREk1WlVoeGJXaHJNVzVWYmt0UmJsVlNXWEpCYkVwNGIzRlNPRGczVldSVWRGRnRaMFZTYVRaRFNGUlNNM0ZNYkVKTFlXZFhPVGxxZGpoSU1qSkhhaTl2UzBoMVpqZHhlVFpPZEV4NFdFNUpRVkl6UjJkVmVFSkNiWFp1Vm5sQ2RWTktLMXBVZGpSeVJsUnZVbGx6TUVkcFlqVkVMeXQzWnpKUU5uQnZVM1ZzVFhORmMyaHlLMjVaVkdKT1QzUnhjVmhsTVVoVFVWaFBTa0l6ZDBwYVpVUlBRekpuU1V4a1Jsb3pXalZFZVVwNFZWQjVWVmh6VEdvd1EyMVFkRWRaUlhCV1ZVOVJLMGcxZUhwVU1tMHlhbkYwTW5sWldscFdTSFowTUVVM1ZHZGlWa041VUVad2EwUnNLMUpqVld4MFFscG5NVzV2VW5Kb1RFRXlLM0ZWVmxWWWVHRXdhbmRHVURCNVRVNHhXR1Z5VDFCdlRqSjZkR3RaZEZORGVrTmFaMWgzT1hCYVUzTndPVkpOVmtkMlRFSmxjbWRqYlVVMFlXc3JTMUpqYURKWlprdGlSR1oyV1dodmVIRjZkWGhvZDNKRmJTdFdRWEFyTDJjcmNEbDZibFpqWld4VlZta3hRbE01Tm00NVoydE1ZMlYwYjNoNloxUkdjSGhZZG5GSFpTdGFlRzltYW13eVUwOTNRVXhyT1ZOQmRucHZlbEZJY0VsVmRrNVRRa3c1YmxGSmJsQjFSMGh6UzJ3MFREaFpNazlNTlhacFVqUlFUbE5pU1ZWMFpuSlRNRTF4VTNkVUwybHFZbUZKWldWeFUwaDZUVmxwSzFGMVNrRnVURXhIY1RVMFFuaGpTR2xFU1VWalFYVnliR2RJVnpkb0t6WTFaRXhHVlRCRGNUUmFTQ3RzWVZWWWR5dHFkeTlUTnpraUxDSmtZWFJoYTJWNUlqb2lRVkZGUWtGSWFrSTNMMmxuZDAxbk5FNVFkMkYxY25oVFNWbDRORWhtYm5oMVIyTXZORGhpUkhkMmQwUndUbGxYV21kQlFVRklOSGRtUVZsS1MyOWFTV2gyWTA1QlVXTkhiMGM0ZDJKUlNVSkJSRUp2UW1kcmNXaHJhVWM1ZHpCQ1FuZEZkMGhuV1VwWlNWcEpRVmRWUkVKQlJYVk5Ra1ZGUkU1Q1N6QXpSWGNyUlVsSFUzbFZURWRSU1VKRlNVRTNhMlZOWkRBNGJWSjZaakY2TWpoNllqQlpUV1ZRV2poVmRIWjVUa1JMV0dNMlNraHBiRmhEZW0xV1dVaHlORzVHVGxGeVkyUjZaeXRZZWxOek0zVlFTWE54ZERCTVNWcFlTVEV2ZW5ScVZUMGlMQ0oyWlhKemFXOXVJam9pTWlJc0luUjVjR1VpT2lKRVFWUkJYMHRGV1NJc0ltVjRjR2x5WVhScGIyNGlPakUyTmpZeE5EZzBORFI5",
            "expires_at": "2022-10-19T03:00:44Z",
            "id": "us-east-2",
            "password": "eyJwYXlsb2FkIjoiOXVmd2xxbUFFTUhoRjE4Z3d2dW1QdS9OdHd4ZDA2dVBPTE45Tk1MUktzWDcwNnJPUmVpc1c1UmJPNmlUMXd3QVNFdFZLQ2NLbHpSQnFERWI3K2VTRUw4dTNXb1VtS3F3L29IY21KOERlMk4vVndNbDRVbjNlUFN3c0Z0aTBhcUZwd1B0MExBOUxXRUdSS2xneExHaFdpR2ZSaHpWb0x5SHI3eDBWTnM2Y2h0MTNBY2x2K2dBa1Z0aTNPa1FFNWhDN1kwME8vd3U5N2xzV3JkbnQvUlF0N0hNNk8yWmFiUXh3a0dqT0I0REhremp1Nm42eXBmUFFmbWd6K09STVpGbDg0MkZOREdwRWRJbXI4aXBYWkJ0SUtnSStMcU80VEYzd2JNSURwUDFsWDA5S292TU9VUlJNS29ZYUprMnFDYUk3Rm8wVHF1SU5SZ0w2UlJ4c1pmamlBcUNpaGtzUGNVR0FnNlRMb05hOHlvSmRVa1AyWjFmVE4xdEoxRGVJYy93ejRLQi81b21ydzJvZjZrRlJiUU5WMithREZtZld1YWhmZzQxQkZlUmVQRlkzemhkTGJxK1ozZk50ODlXVW9VSnRCOGthdis3M1IrbnVDRHJLYXpnWUlyVXRTcGh6dVZ3UVJBM2sra0RoVGVRa3hrakJMOXlBaHR0dGVJNG5sWUt3cUNQU1dTaFd6a3ZkQnY4RFNvb1FHdFJneFRyMEliVFdFUURyN2xNSDBPVXlKZDcwTWlFd01MbFdWcnlHY2JTV2hTMVFENnkyQkdaUkozOVZ1OTcxVUx4WlhnRWRvZlZKU2RTUFBxZDY4dEZLWDI5ZUhxbWhrMW5VbktRblVSWXJBbEp4b3FSODg3VWRUdFFtZ0VSaTZDSFRSM3FMbEJLYWdXOTlqdjhIMjJHai9vS0h1ZjdxeTZOdEx4WE5JQVIzR2dVeEJCbXZuVnlCdVNKK1pUdjRyRlRvUllzMEdpYjVELyt3ZzJQNnBvU3VsTXNFc2hyK25ZVGJOT3RxcVhlMUhTUVhPSkIzd0paZURPQzJnSUxkRlozWjVEeUp4VVB5VVhzTGowQ21QdEdZRXBWVU9RK0g1eHpUMm0yanF0MnlZWlpWSHZ0MEU3VGdiVkN5UEZwa0RsK1JjVWx0QlpnMW5vUnJoTEEyK3FVVlVYeGEwandGUDB5TU4xWGVyT1BvTjJ6dGtZdFNDekNaZ1h3OXBaU3NwOVJNVkd2TEJlcmdjbUU0YWsrS1JjaDJZZktiRGZ2WWhveHF6dXhod3JFbStWQXArL2crcDl6blZjZWxVVmkxQlM5Nm45Z2tMY2V0b3h6Z1RGcHhYdnFHZStaeG9mamwyU093QUxrOVNBdnpvelFIcElVdk5TQkw5blFJblB1R0hzS2w0TDhZMk9MNXZpUjRQTlNiSVV0ZnJTME1xU3dUL2lqYmFJZWVxU0h6TVlpK1F1SkFuTExHcTU0QnhjSGlESUVjQXVybGdIVzdoKzY1ZExGVTBDcTRaSCtsYVVYdytqdy9TNzkiLCJkYXRha2V5IjoiQVFFQkFIakI3L2lnd01nNE5Qd2F1cnhTSVl4NEhmbnh1R2MvNDhiRHd2d0RwTllXWmdBQUFINHdmQVlKS29aSWh2Y05BUWNHb0c4d2JRSUJBREJvQmdrcWhraUc5dzBCQndFd0hnWUpZSVpJQVdVREJBRXVNQkVFRE5CSzAzRXcrRUlHU3lVTEdRSUJFSUE3a2VNZDA4bVJ6ZjF6Mjh6YjBZTWVQWjhVdHZ5TkRLWGM2SkhpbFhDem1WWUhyNG5GTlFyY2R6ZytYelNzM3VQSXNxdDBMSVpYSTEvenRqVT0iLCJ2ZXJzaW9uIjoiMiIsInR5cGUiOiJEQVRBX0tFWSIsImV4cGlyYXRpb24iOjE2NjYxNDg0NDR9",
            "proxy_endpoint": "https://266223464694.dkr.ecr.us-east-2.amazonaws.com",
            "registry_id": "266223464694",
            "user_name": "AWS"
          },
          "sensitive_attributes": []
        }
      ]
    },
    {
      "mode": "data",
      "type": "aws_ecr_repository",
      "name": "service",
      "provider": "provider[\"registry.terraform.io/hashicorp/aws\"]",
      "instances": [
        {
          "schema_version": 0,
          "attributes": {
            "arn": "arn:aws:ecr:us-east-2:266223464694:repository/pollit_registry",
            "encryption_configuration": [
              {
                "encryption_type": "AES256",
                "kms_key": ""
              }
            ],
            "id": "pollit_registry",
            "image_scanning_configuration": [
              {
                "scan_on_push": false
              }
            ],
            "image_tag_mutability": "MUTABLE",
            "name": "pollit_registry",
            "registry_id": "266223464694",
            "repository_url": "266223464694.dkr.ecr.us-east-2.amazonaws.com/pollit_registry",
            "tags": {}
          },
          "sensitive_attributes": []
        }
      ]
    },
    {
      "mode": "data",
      "type": "aws_eks_cluster",
      "name": "cluster",
      "provider": "provider[\"registry.terraform.io/hashicorp/aws\"]",
      "instances": [
        {
          "schema_version": 0,
          "attributes": {
            "arn": "arn:aws:eks:us-east-2:266223464694:cluster/pollitng-eks-LIvGEFg5",
            "certificate_authority": [
              {
                "data": "LS0tLS1CRUdJTiBDRVJUSUZJQ0FURS0tLS0tCk1JSUMvakNDQWVhZ0F3SUJBZ0lCQURBTkJna3Foa2lHOXcwQkFRc0ZBREFWTVJNd0VRWURWUVFERXdwcmRXSmwKY201bGRHVnpNQjRYRFRJeU1UQXhPREV6TkRjeU0xb1hEVE15TVRBeE5URXpORGN5TTFvd0ZURVRNQkVHQTFVRQpBeE1LYTNWaVpYSnVaWFJsY3pDQ0FTSXdEUVlKS29aSWh2Y05BUUVCQlFBRGdnRVBBRENDQVFvQ2dnRUJBTWl0CkZJaloycjArdDQ5R3laZldWQmpmeWZVR1MvQmtHZTJWWFZiMVpGQm1DMEhyNnlDTlpMR1JHMmx2ZVJhUFZNUk0KZGQxd2JsZ0ZLNmZtUEVZUGlyWkhraEcrRytUNm40UHdGc2lTQXRQY2wrUG5VanVkUHJUS28yVDZYcUZka3NDKwpHYUVMbW96UW9xMFRaQlh4N2U1N1hjUGMyYno0eWFSKzB3MlZFczR0cFlmQ1NtNnpEZDkvbWdIOGgxbHFiY3dOCi9tSDRudnhucUFaSEJBbDMvQ2h1WVo1NUk4Q3NkR080VFRmWmtuYTBWRFNyL0xUS0w0dU1jc2hCM2ZYcWoxemcKMjF4RVArcEozWEtUNkc2R1pLVXUzcThoVUVrY0xLaWR2dXpyaG82d2s3QzRNT2hOSTdyL0h3L1FNMlVlbVQxZwppU1QvcDNUQ0ZsRFFwQnFvbFZNQ0F3RUFBYU5aTUZjd0RnWURWUjBQQVFIL0JBUURBZ0trTUE4R0ExVWRFd0VCCi93UUZNQU1CQWY4d0hRWURWUjBPQkJZRUZJT01pY08vbXhpY2FJT0hOb0l0Y1hKdEJSL2VNQlVHQTFVZEVRUU8KTUF5Q0NtdDFZbVZ5Ym1WMFpYTXdEUVlKS29aSWh2Y05BUUVMQlFBRGdnRUJBRWlqdDE1YW9YMCtiSGJ3MGwrQwpPajdBYkFIL0tjb25MQ0FScFc3OEJ3NlV5VFpNdzVUMjNvaE8rN2dmS2FIVG0ybXcySkZHN2xFdEcycEZMMTJzCmNLckk1aWJkaXUyT0hpTTlZSWFjYTMwRy9hTzhuL1BVbXBIa2IvRHlwNGtkWmt0VFdqQnRDaVljS05tL3FONFQKd3J5N2E1a2NtUlNKb2J2Y3JVNHJKb1Avcm5NZkdmNDg1VURjVndqVG1rRTZQYXlUczBBT1RNTlhPZCtydUIvOApJQTlHQ0hDa0pMK05zVlk0bHBxRnZLRXZDcGNWZ1B6Wk1CNlh0NCtPUTFBRXMzYk9oRWhIMmFqMXVUdzJoeE80CmJjbW5ybWw5cERxY1VBcW91Qit6ZHRWQzdJc3gzdVNoQStWYTFBWGVMUDl4d2owelNXL0FQLzZTbVJmYzFHc3AKSXlRPQotLS0tLUVORCBDRVJUSUZJQ0FURS0tLS0tCg=="
              }
            ],
            "created_at": "2022-10-18 13:41:39.78 +0000 UTC",
            "enabled_cluster_log_types": [
              "api",
              "audit",
              "authenticator"
            ],
            "endpoint": "https://2CEB7EE16156B13076975F6B734C47A9.gr7.us-east-2.eks.amazonaws.com",
            "id": "pollitng-eks-LIvGEFg5",
            "identity": [
              {
                "oidc": [
                  {
                    "issuer": "https://oidc.eks.us-east-2.amazonaws.com/id/2CEB7EE16156B13076975F6B734C47A9"
                  }
                ]
              }
            ],
            "kubernetes_network_config": [
              {
                "ip_family": "ipv4",
                "service_ipv4_cidr": "172.20.0.0/16",
                "service_ipv6_cidr": ""
              }
            ],
            "name": "pollitng-eks-LIvGEFg5",
            "outpost_config": [],
            "platform_version": "eks.2",
            "role_arn": "arn:aws:iam::266223464694:role/pollitng-eks-LIvGEFg5-cluster-20221018134051965100000001",
            "status": "ACTIVE",
            "tags": {},
            "version": "1.23",
            "vpc_config": [
              {
                "cluster_security_group_id": "sg-01754faeccb3cda09",
                "endpoint_private_access": false,
                "endpoint_public_access": true,
                "public_access_cidrs": [
                  "0.0.0.0/0"
                ],
                "security_group_ids": [
                  "sg-06541f53624d5d2e4"
                ],
                "subnet_ids": [
                  "subnet-03c3f960c8cf1e00b",
                  "subnet-0b1bff18218df096e",
                  "subnet-0f80d7c2c828a1768"
                ],
                "vpc_id": "vpc-0ddd9a2da16e5d2cc"
              }
            ]
          },
          "sensitive_attributes": []
        }
      ]
    },
    {
      "mode": "data",
      "type": "aws_instances",
      "name": "mongodb_instances",
      "provider": "provider[\"registry.terraform.io/hashicorp/aws\"]",
      "instances": [
        {
          "schema_version": 0,
          "attributes": {
            "filter": null,
            "id": "us-east-2",
            "ids": [
              "i-0c13265b5c40640e1",
              "i-0f91357196305b2e4",
              "i-036916bdec2ab9f34"
            ],
            "instance_state_names": [
              "running"
            ],
            "instance_tags": {
              "Environment": "default",
              "Name": "pollitng-eks-LIvGEFg5-MongoDB-Server"
            },
            "private_ips": [
              "10.0.1.70",
              "10.0.2.153",
              "10.0.3.205"
            ],
            "public_ips": [],
            "timeouts": null
          },
          "sensitive_attributes": []
        }
      ]
    },
    {
      "mode": "data",
      "type": "terraform_remote_state",
      "name": "eks",
      "provider": "provider[\"terraform.io/builtin/terraform\"]",
      "instances": [
        {
          "schema_version": 0,
          "attributes": {
            "backend": "s3",
            "config": {
              "value": {
                "bucket": "pollitng",
                "key": "clustereks/terraform.tfstate",
                "region": "us-east-2"
              },
              "type": [
                "object",
                {
                  "bucket": "string",
                  "key": "string",
                  "region": "string"
                }
              ]
            },
            "defaults": null,
            "outputs": {
              "value": {
                "bastion_host_private_sg_id": "sg-0febcf11aebf51436",
                "bation_host_sg_id": "sg-023c3e04dffe64e3c",
                "cluster_endpoint": "https://2CEB7EE16156B13076975F6B734C47A9.gr7.us-east-2.eks.amazonaws.com",
                "cluster_id": "pollitng-eks-LIvGEFg5",
                "cluster_name": "pollitng-eks-LIvGEFg5",
                "cluster_security_group_id": "sg-06541f53624d5d2e4",
                "node_group_two_sg": "sg-0c8353d1af6a6685a",
                "oidc_arn": "arn:aws:iam::266223464694:oidc-provider/oidc.eks.us-east-2.amazonaws.com/id/2CEB7EE16156B13076975F6B734C47A9",
                "oidc_issuer_url": "https://oidc.eks.us-east-2.amazonaws.com/id/2CEB7EE16156B13076975F6B734C47A9",
                "region": "us-east-2",
                "vpc_id": "vpc-0ddd9a2da16e5d2cc",
                "vpc_private_subnet_ids": [
                  "subnet-0b1bff18218df096e",
                  "subnet-03c3f960c8cf1e00b",
                  "subnet-0f80d7c2c828a1768"
                ],
                "vpc_public_subnet_ids": [
                  "subnet-04cf7b0637192f6a9",
                  "subnet-00df48ce64c85088a",
                  "subnet-01eb0ef2f90c53a5f"
                ]
              },
              "type": [
                "object",
                {
                  "bastion_host_private_sg_id": "string",
                  "bation_host_sg_id": "string",
                  "cluster_endpoint": "string",
                  "cluster_id": "string",
                  "cluster_name": "string",
                  "cluster_security_group_id": "string",
                  "node_group_two_sg": "string",
                  "oidc_arn": "string",
                  "oidc_issuer_url": "string",
                  "region": "string",
                  "vpc_id": "string",
                  "vpc_private_subnet_ids": [
                    "tuple",
                    [
                      "string",
                      "string",
                      "string"
                    ]
                  ],
                  "vpc_public_subnet_ids": [
                    "tuple",
                    [
                      "string",
                      "string",
                      "string"
                    ]
                  ]
                }
              ]
            },
            "workspace": null
          },
          "sensitive_attributes": []
        }
      ]
    },
    {
      "mode": "managed",
      "type": "aws_ecr_repository",
      "name": "registry",
      "provider": "provider[\"registry.terraform.io/hashicorp/aws\"]",
      "instances": [
        {
          "schema_version": 0,
          "attributes": {
            "arn": "arn:aws:ecr:us-east-2:266223464694:repository/pollit_registry",
            "encryption_configuration": [
              {
                "encryption_type": "AES256",
                "kms_key": ""
              }
            ],
            "force_delete": null,
            "id": "pollit_registry",
            "image_scanning_configuration": [
              {
                "scan_on_push": false
              }
            ],
            "image_tag_mutability": "MUTABLE",
            "name": "pollit_registry",
            "registry_id": "266223464694",
            "repository_url": "266223464694.dkr.ecr.us-east-2.amazonaws.com/pollit_registry",
            "tags": {},
            "tags_all": {},
            "timeouts": null
          },
          "sensitive_attributes": [],
          "private": "eyJlMmJmYjczMC1lY2FhLTExZTYtOGY4OC0zNDM2M2JjN2M0YzAiOnsiZGVsZXRlIjoxMjAwMDAwMDAwMDAwfX0="
        }
      ]
    },
    {
      "mode": "managed",
      "type": "kubernetes_deployment",
      "name": "rabbit",
      "provider": "provider[\"registry.terraform.io/hashicorp/kubernetes\"]",
      "instances": [
        {
          "schema_version": 1,
          "attributes": {
            "id": "default/rabbit",
            "metadata": [
              {
                "annotations": {},
                "generate_name": "",
                "generation": 1,
                "labels": {
                  "App": "pollit_rabbit"
                },
                "name": "rabbit",
                "namespace": "default",
                "resource_version": "11569",
                "uid": "7255402a-89f3-4ec0-af12-0ab205f390ce"
              }
            ],
            "spec": [
              {
                "min_ready_seconds": 0,
                "paused": false,
                "progress_deadline_seconds": 600,
                "replicas": "1",
                "revision_history_limit": 10,
                "selector": [
                  {
                    "match_expressions": [],
                    "match_labels": {
                      "App": "pollit_rabbit"
                    }
                  }
                ],
                "strategy": [
                  {
                    "rolling_update": [
                      {
                        "max_surge": "25%",
                        "max_unavailable": "25%"
                      }
                    ],
                    "type": "RollingUpdate"
                  }
                ],
                "template": [
                  {
                    "metadata": [
                      {
                        "annotations": {},
                        "generate_name": "",
                        "generation": 0,
                        "labels": {
                          "App": "pollit_rabbit"
                        },
                        "name": "",
                        "namespace": "",
                        "resource_version": "",
                        "uid": ""
                      }
                    ],
                    "spec": [
                      {
                        "active_deadline_seconds": 0,
                        "affinity": [],
                        "automount_service_account_token": true,
                        "container": [
                          {
                            "args": [],
                            "command": [],
                            "env": [],
                            "env_from": [],
                            "image": "rabbitmq:3.8.5-management",
                            "image_pull_policy": "IfNotPresent",
                            "lifecycle": [],
                            "liveness_probe": [],
                            "name": "rabbit",
                            "port": [
                              {
                                "container_port": 5672,
                                "host_ip": "",
                                "host_port": 0,
                                "name": "",
                                "protocol": "TCP"
                              }
                            ],
                            "readiness_probe": [],
                            "resources": [
                              {
                                "limits": {
                                  "cpu": "500m",
                                  "memory": "512Mi"
                                },
                                "requests": {
                                  "cpu": "250m",
                                  "memory": "50Mi"
                                }
                              }
                            ],
                            "security_context": [],
                            "startup_probe": [],
                            "stdin": false,
                            "stdin_once": false,
                            "termination_message_path": "/dev/termination-log",
                            "termination_message_policy": "File",
                            "tty": false,
                            "volume_mount": [],
                            "working_dir": ""
                          }
                        ],
                        "dns_config": [],
                        "dns_policy": "ClusterFirst",
                        "enable_service_links": true,
                        "host_aliases": [],
                        "host_ipc": false,
                        "host_network": false,
                        "host_pid": false,
                        "hostname": "",
                        "image_pull_secrets": [],
                        "init_container": [],
                        "node_name": "",
                        "node_selector": {},
                        "priority_class_name": "",
                        "readiness_gate": [],
                        "restart_policy": "Always",
                        "security_context": [],
                        "service_account_name": "",
                        "share_process_namespace": false,
                        "subdomain": "",
                        "termination_grace_period_seconds": 30,
                        "toleration": [],
                        "topology_spread_constraint": [],
                        "volume": []
                      }
                    ]
                  }
                ]
              }
            ],
            "timeouts": null,
            "wait_for_rollout": true
          },
          "sensitive_attributes": [],
          "private": "eyJlMmJmYjczMC1lY2FhLTExZTYtOGY4OC0zNDM2M2JjN2M0YzAiOnsiY3JlYXRlIjo2MDAwMDAwMDAwMDAsImRlbGV0ZSI6NjAwMDAwMDAwMDAwLCJ1cGRhdGUiOjYwMDAwMDAwMDAwMH0sInNjaGVtYV92ZXJzaW9uIjoiMSJ9",
          "dependencies": [
            "data.aws_eks_cluster.cluster",
            "data.terraform_remote_state.eks"
          ]
        }
      ]
    },
    {
      "mode": "managed",
      "type": "kubernetes_ingress_v1",
      "name": "ingress_pollit_admin_back",
      "provider": "provider[\"registry.terraform.io/hashicorp/kubernetes\"]",
      "instances": [
        {
          "schema_version": 0,
          "attributes": {
            "id": "default/pollitadmin-backend",
            "metadata": [
              {
                "annotations": {
                  "alb.ingress.kubernetes.io/group.name": "ip",
                  "alb.ingress.kubernetes.io/ingress.class": "alb",
                  "alb.ingress.kubernetes.io/scheme": "internet-facing",
                  "alb.ingress.kubernetes.io/tags": "created=controller",
                  "alb.ingress.kubernetes.io/target-type": "ip"
                },
                "generate_name": "",
                "generation": 1,
                "labels": {},
                "name": "pollitadmin-backend",
                "namespace": "default",
                "resource_version": "11517",
                "uid": "1222a868-cf9b-43f5-909e-bb02c38b9117"
              }
            ],
            "spec": [
              {
                "default_backend": [],
                "ingress_class_name": "",
                "rule": [
                  {
                    "host": "adminapi.pollitng.com",
                    "http": [
                      {
                        "path": [
                          {
                            "backend": [
                              {
                                "resource": [],
                                "service": [
                                  {
                                    "name": "pollitadmin-backend",
                                    "port": [
                                      {
                                        "name": "",
                                        "number": 80
                                      }
                                    ]
                                  }
                                ]
                              }
                            ],
                            "path": "/*",
                            "path_type": "ImplementationSpecific"
                          }
                        ]
                      }
                    ]
                  }
                ],
                "tls": []
              }
            ],
            "status": [
              {
                "load_balancer": [
                  {
                    "ingress": []
                  }
                ]
              }
            ],
            "wait_for_load_balancer": null
          },
          "sensitive_attributes": [],
          "private": "bnVsbA==",
          "dependencies": [
            "data.aws_eks_cluster.cluster",
            "data.terraform_remote_state.eks"
          ]
        }
      ]
    },
    {
      "mode": "managed",
      "type": "kubernetes_ingress_v1",
      "name": "ingress_pollit_admin_front",
      "provider": "provider[\"registry.terraform.io/hashicorp/kubernetes\"]",
      "instances": [
        {
          "schema_version": 0,
          "attributes": {
            "id": "default/pollitadmin-frontend",
            "metadata": [
              {
                "annotations": {
                  "alb.ingress.kubernetes.io/group.name": "ip",
                  "alb.ingress.kubernetes.io/ingress.class": "alb",
                  "alb.ingress.kubernetes.io/scheme": "internet-facing",
                  "alb.ingress.kubernetes.io/tags": "created=controller",
                  "alb.ingress.kubernetes.io/target-type": "ip",
                  "external-dns.alpha.kubernetes.io/hostname": "admin.pollitng.com"
                },
                "generate_name": "",
                "generation": 1,
                "labels": {},
                "name": "pollitadmin-frontend",
                "namespace": "default",
                "resource_version": "11527",
                "uid": "bc254105-757f-4164-9159-254092e30f3f"
              }
            ],
            "spec": [
              {
                "default_backend": [],
                "ingress_class_name": "",
                "rule": [
                  {
                    "host": "admin.pollitng.com",
                    "http": [
                      {
                        "path": [
                          {
                            "backend": [
                              {
                                "resource": [],
                                "service": [
                                  {
                                    "name": "pollitadmin-frontend",
                                    "port": [
                                      {
                                        "name": "",
                                        "number": 80
                                      }
                                    ]
                                  }
                                ]
                              }
                            ],
                            "path": "/*",
                            "path_type": "ImplementationSpecific"
                          }
                        ]
                      }
                    ]
                  }
                ],
                "tls": []
              }
            ],
            "status": [
              {
                "load_balancer": [
                  {
                    "ingress": []
                  }
                ]
              }
            ],
            "wait_for_load_balancer": null
          },
          "sensitive_attributes": [],
          "private": "bnVsbA==",
          "dependencies": [
            "data.aws_eks_cluster.cluster",
            "data.terraform_remote_state.eks"
          ]
        }
      ]
    },
    {
      "mode": "managed",
      "type": "kubernetes_ingress_v1",
      "name": "ingress_pollit_back",
      "provider": "provider[\"registry.terraform.io/hashicorp/kubernetes\"]",
      "instances": [
        {
          "schema_version": 0,
          "attributes": {
            "id": "default/pollit-backend",
            "metadata": [
              {
                "annotations": {
                  "alb.ingress.kubernetes.io/group.name": "ip",
                  "alb.ingress.kubernetes.io/ingress.class": "alb",
                  "alb.ingress.kubernetes.io/scheme": "internet-facing",
                  "alb.ingress.kubernetes.io/tags": "created=controller",
                  "alb.ingress.kubernetes.io/target-type": "ip"
                },
                "generate_name": "",
                "generation": 1,
                "labels": {},
                "name": "pollit-backend",
                "namespace": "default",
                "resource_version": "11518",
                "uid": "3f9c4cfa-5819-4d20-8d80-d74eddfb92c9"
              }
            ],
            "spec": [
              {
                "default_backend": [],
                "ingress_class_name": "",
                "rule": [
                  {
                    "host": "api.pollitng.com",
                    "http": [
                      {
                        "path": [
                          {
                            "backend": [
                              {
                                "resource": [],
                                "service": [
                                  {
                                    "name": "pollit-backend",
                                    "port": [
                                      {
                                        "name": "",
                                        "number": 80
                                      }
                                    ]
                                  }
                                ]
                              }
                            ],
                            "path": "/*",
                            "path_type": "ImplementationSpecific"
                          }
                        ]
                      }
                    ]
                  }
                ],
                "tls": []
              }
            ],
            "status": [
              {
                "load_balancer": [
                  {
                    "ingress": []
                  }
                ]
              }
            ],
            "wait_for_load_balancer": null
          },
          "sensitive_attributes": [],
          "private": "bnVsbA==",
          "dependencies": [
            "data.aws_eks_cluster.cluster",
            "data.terraform_remote_state.eks"
          ]
        }
      ]
    },
    {
      "mode": "managed",
      "type": "kubernetes_ingress_v1",
      "name": "ingress_pollit_front",
      "provider": "provider[\"registry.terraform.io/hashicorp/kubernetes\"]",
      "instances": [
        {
          "schema_version": 0,
          "attributes": {
            "id": "default/pollit-frontend",
            "metadata": [
              {
                "annotations": {
                  "alb.ingress.kubernetes.io/group.name": "ip",
                  "alb.ingress.kubernetes.io/ingress.class": "alb",
                  "alb.ingress.kubernetes.io/scheme": "internet-facing",
                  "alb.ingress.kubernetes.io/tags": "created=controller",
                  "alb.ingress.kubernetes.io/target-type": "ip",
                  "external-dns.alpha.kubernetes.io/hostname": "pollitng.com"
                },
                "generate_name": "",
                "generation": 1,
                "labels": {},
                "name": "pollit-frontend",
                "namespace": "default",
                "resource_version": "11519",
                "uid": "b19636bc-d46d-4637-91b1-cf22c87a5a08"
              }
            ],
            "spec": [
              {
                "default_backend": [],
                "ingress_class_name": "",
                "rule": [
                  {
                    "host": "pollitng.com",
                    "http": [
                      {
                        "path": [
                          {
                            "backend": [
                              {
                                "resource": [],
                                "service": [
                                  {
                                    "name": "pollit-frontend",
                                    "port": [
                                      {
                                        "name": "",
                                        "number": 80
                                      }
                                    ]
                                  }
                                ]
                              }
                            ],
                            "path": "/*",
                            "path_type": "ImplementationSpecific"
                          }
                        ]
                      }
                    ]
                  }
                ],
                "tls": []
              }
            ],
            "status": [
              {
                "load_balancer": [
                  {
                    "ingress": []
                  }
                ]
              }
            ],
            "wait_for_load_balancer": null
          },
          "sensitive_attributes": [],
          "private": "bnVsbA==",
          "dependencies": [
            "data.aws_eks_cluster.cluster",
            "data.terraform_remote_state.eks"
          ]
        }
      ]
    },
    {
      "mode": "managed",
      "type": "kubernetes_secret",
      "name": "docker_credentials",
      "provider": "provider[\"registry.terraform.io/hashicorp/kubernetes\"]",
      "instances": [
        {
          "schema_version": 0,
          "attributes": {
            "binary_data": null,
            "data": {
              ".dockerconfigjson": "{\"auths\":{\"266223464694.dkr.ecr.us-east-2.amazonaws.com\":{\"auth\":\"QVdTOmV5SndZWGxzYjJGa0lqb2lPWFZtZDJ4eGJVRkZUVWhvUmpFNFozZDJkVzFRZFM5T2RIZDRaREEyZFZCUFRFNDVUazFNVWt0eldEY3dObkpQVW1WcGMxYzFVbUpQTm1sVU1YZDNRVk5GZEZaTFEyTkxiSHBTUW5GRVJXSTNLMlZUUlV3NGRUTlhiMVZ0UzNGM0wyOUlZMjFLT0VSbE1rNHZWbmROYkRSVmJqTmxVRk4zYzBaMGFUQmhjVVp3ZDFCME1FeEJPVXhYUlVkU1MyeG5lRXhIYUZkcFIyWlNhSHBXYjB4NVNISTNlREJXVG5NMlkyaDBNVE5CWTJ4MksyZEJhMVowYVROUGExRkZOV2hETjFrd01FOHZkM1U1TjJ4elYzSmtiblF2VWxGME4waE5Oazh5V21GaVVYaDNhMGRxVDBJMFJFaHJlbXAxTm00MmVYQm1VRkZtYldkNkswOVNUVnBHYkRnME1rWk9SRWR3UldSSmJYSTRhWEJZV2tKMFNVdG5TU3RNY1U4MFZFWXpkMkpOU1VSd1VERnNXREE1UzI5MlRVOVZVbEpOUzI5WllVcHJNbkZEWVVrM1JtOHdWSEYxU1U1U1owdzJVbEo0YzFwbWFtbEJjVU5wYUd0elVHTlZSMEZuTmxSTWIwNWhPSGx2U21SVmExQXlXakZtVkU0eGRFb3hSR1ZKWXk5M2VqUkxRaTgxYjIxeWR6SnZaalpyUmxKaVVVNVdNaXRoUkVadFpsZDFZV2htWnpReFFrWmxVbVZRUmxremVtaGtUR0p4SzFvelprNTBPRGxYVlc5VlNuUkNPR3RoZGlzM00xSXJiblZEUkhKTFlYcG5XVWx5VlhSVGNHaDZkVlozVVZKQk0yc3JhMFJvVkdWUmEzaHJha0pNT1hsQmFIUjBkR1ZKTkc1c1dVdDNjVU5RVTFkVGFGZDZhM1prUW5ZNFJGTnZiMUZIZEZKbmVGUnlNRWxpVkZkRlVVUnlOMnhOU0RCUFZYbEtaRGN3VFdsRmQwMU1iRmRXY25sSFkySlRWMmhUTVZGRU5ua3lRa2RhVWtvek9WWjFPVGN4VlV4NFdsaG5SV1J2WmxaS1UyUlRVRkJ4WkRZNGRFWkxXREk1WlVoeGJXaHJNVzVWYmt0UmJsVlNXWEpCYkVwNGIzRlNPRGczVldSVWRGRnRaMFZTYVRaRFNGUlNNM0ZNYkVKTFlXZFhPVGxxZGpoSU1qSkhhaTl2UzBoMVpqZHhlVFpPZEV4NFdFNUpRVkl6UjJkVmVFSkNiWFp1Vm5sQ2RWTktLMXBVZGpSeVJsUnZVbGx6TUVkcFlqVkVMeXQzWnpKUU5uQnZVM1ZzVFhORmMyaHlLMjVaVkdKT1QzUnhjVmhsTVVoVFVWaFBTa0l6ZDBwYVpVUlBRekpuU1V4a1Jsb3pXalZFZVVwNFZWQjVWVmh6VEdvd1EyMVFkRWRaUlhCV1ZVOVJLMGcxZUhwVU1tMHlhbkYwTW5sWldscFdTSFowTUVVM1ZHZGlWa041VUVad2EwUnNLMUpqVld4MFFscG5NVzV2VW5Kb1RFRXlLM0ZWVmxWWWVHRXdhbmRHVURCNVRVNHhXR1Z5VDFCdlRqSjZkR3RaZEZORGVrTmFaMWgzT1hCYVUzTndPVkpOVmtkMlRFSmxjbWRqYlVVMFlXc3JTMUpqYURKWlprdGlSR1oyV1dodmVIRjZkWGhvZDNKRmJTdFdRWEFyTDJjcmNEbDZibFpqWld4VlZta3hRbE01Tm00NVoydE1ZMlYwYjNoNloxUkdjSGhZZG5GSFpTdGFlRzltYW13eVUwOTNRVXhyT1ZOQmRucHZlbEZJY0VsVmRrNVRRa3c1YmxGSmJsQjFSMGh6UzJ3MFREaFpNazlNTlhacFVqUlFUbE5pU1ZWMFpuSlRNRTF4VTNkVUwybHFZbUZKWldWeFUwaDZUVmxwSzFGMVNrRnVURXhIY1RVMFFuaGpTR2xFU1VWalFYVnliR2RJVnpkb0t6WTFaRXhHVlRCRGNUUmFTQ3RzWVZWWWR5dHFkeTlUTnpraUxDSmtZWFJoYTJWNUlqb2lRVkZGUWtGSWFrSTNMMmxuZDAxbk5FNVFkMkYxY25oVFNWbDRORWhtYm5oMVIyTXZORGhpUkhkMmQwUndUbGxYV21kQlFVRklOSGRtUVZsS1MyOWFTV2gyWTA1QlVXTkhiMGM0ZDJKUlNVSkJSRUp2UW1kcmNXaHJhVWM1ZHpCQ1FuZEZkMGhuV1VwWlNWcEpRVmRWUkVKQlJYVk5Ra1ZGUkU1Q1N6QXpSWGNyUlVsSFUzbFZURWRSU1VKRlNVRTNhMlZOWkRBNGJWSjZaakY2TWpoNllqQlpUV1ZRV2poVmRIWjVUa1JMV0dNMlNraHBiRmhEZW0xV1dVaHlORzVHVGxGeVkyUjZaeXRZZWxOek0zVlFTWE54ZERCTVNWcFlTVEV2ZW5ScVZUMGlMQ0oyWlhKemFXOXVJam9pTWlJc0luUjVjR1VpT2lKRVFWUkJYMHRGV1NJc0ltVjRjR2x5WVhScGIyNGlPakUyTmpZeE5EZzBORFI5\"}}}"
            },
            "id": "default/docker-credentials",
            "immutable": false,
            "metadata": [
              {
                "annotations": {},
                "generate_name": "",
                "generation": 0,
                "labels": {},
                "name": "docker-credentials",
                "namespace": "default",
                "resource_version": "12445",
                "uid": "200338db-c250-4643-8175-202d0ffb75b0"
              }
            ],
            "timeouts": null,
            "type": "kubernetes.io/dockerconfigjson",
            "wait_for_service_account_token": true
          },
          "sensitive_attributes": [
            [
              {
                "type": "get_attr",
                "value": "data"
              },
              {
                "type": "index",
                "value": {
                  "value": ".dockerconfigjson",
                  "type": "string"
                }
              }
            ]
          ],
          "private": "eyJlMmJmYjczMC1lY2FhLTExZTYtOGY4OC0zNDM2M2JjN2M0YzAiOnsiY3JlYXRlIjo2MDAwMDAwMDAwMH19",
          "dependencies": [
            "aws_ecr_repository.registry",
            "data.aws_ecr_authorization_token.token",
            "data.aws_eks_cluster.cluster"
          ]
        }
      ]
    },
    {
      "mode": "managed",
      "type": "kubernetes_service",
      "name": "rabbit",
      "provider": "provider[\"registry.terraform.io/hashicorp/kubernetes\"]",
      "instances": [
        {
          "schema_version": 1,
          "attributes": {
            "id": "default/rabbit",
            "metadata": [
              {
                "annotations": {},
                "generate_name": "",
                "generation": 0,
                "labels": {},
                "name": "rabbit",
                "namespace": "default",
                "resource_version": "11605",
                "uid": "b4dadfc9-2967-4503-bad4-ce56809ef1d0"
              }
            ],
            "spec": [
              {
                "allocate_load_balancer_node_ports": true,
                "cluster_ip": "172.20.147.254",
                "cluster_ips": [
                  "172.20.147.254"
                ],
                "external_ips": [],
                "external_name": "",
                "external_traffic_policy": "",
                "health_check_node_port": 0,
                "internal_traffic_policy": "Cluster",
                "ip_families": [
                  "IPv4"
                ],
                "ip_family_policy": "SingleStack",
                "load_balancer_class": "",
                "load_balancer_ip": "",
                "load_balancer_source_ranges": [],
                "port": [
                  {
                    "app_protocol": "",
                    "name": "",
                    "node_port": 0,
                    "port": 5672,
                    "protocol": "TCP",
                    "target_port": "5672"
                  }
                ],
                "publish_not_ready_addresses": false,
                "selector": {
                  "App": "pollit_rabbit"
                },
                "session_affinity": "None",
                "session_affinity_config": [],
                "type": "ClusterIP"
              }
            ],
            "status": [
              {
                "load_balancer": [
                  {
                    "ingress": []
                  }
                ]
              }
            ],
            "timeouts": null,
            "wait_for_load_balancer": true
          },
          "sensitive_attributes": [],
          "private": "eyJlMmJmYjczMC1lY2FhLTExZTYtOGY4OC0zNDM2M2JjN2M0YzAiOnsiY3JlYXRlIjo2MDAwMDAwMDAwMDB9LCJzY2hlbWFfdmVyc2lvbiI6IjEifQ==",
          "dependencies": [
            "data.aws_eks_cluster.cluster",
            "data.terraform_remote_state.eks",
            "kubernetes_deployment.rabbit"
          ]
        }
      ]
    },
    {
      "mode": "managed",
      "type": "kubernetes_service",
      "name": "rabbit_dashboard",
      "provider": "provider[\"registry.terraform.io/hashicorp/kubernetes\"]",
      "instances": [
        {
          "schema_version": 1,
          "attributes": {
            "id": "default/rabbit-dashboard",
            "metadata": [
              {
                "annotations": {},
                "generate_name": "",
                "generation": 0,
                "labels": {},
                "name": "rabbit-dashboard",
                "namespace": "default",
                "resource_version": "11601",
                "uid": "37035823-8831-44f2-b4db-9b80387b666a"
              }
            ],
            "spec": [
              {
                "allocate_load_balancer_node_ports": true,
                "cluster_ip": "172.20.7.94",
                "cluster_ips": [
                  "172.20.7.94"
                ],
                "external_ips": [],
                "external_name": "",
                "external_traffic_policy": "",
                "health_check_node_port": 0,
                "internal_traffic_policy": "Cluster",
                "ip_families": [
                  "IPv4"
                ],
                "ip_family_policy": "SingleStack",
                "load_balancer_class": "",
                "load_balancer_ip": "",
                "load_balancer_source_ranges": [],
                "port": [
                  {
                    "app_protocol": "",
                    "name": "",
                    "node_port": 0,
                    "port": 15672,
                    "protocol": "TCP",
                    "target_port": "15672"
                  }
                ],
                "publish_not_ready_addresses": false,
                "selector": {
                  "App": "pollit_rabbit"
                },
                "session_affinity": "None",
                "session_affinity_config": [],
                "type": "ClusterIP"
              }
            ],
            "status": [
              {
                "load_balancer": [
                  {
                    "ingress": []
                  }
                ]
              }
            ],
            "timeouts": null,
            "wait_for_load_balancer": true
          },
          "sensitive_attributes": [],
          "private": "eyJlMmJmYjczMC1lY2FhLTExZTYtOGY4OC0zNDM2M2JjN2M0YzAiOnsiY3JlYXRlIjo2MDAwMDAwMDAwMDB9LCJzY2hlbWFfdmVyc2lvbiI6IjEifQ==",
          "dependencies": [
            "data.aws_eks_cluster.cluster",
            "data.terraform_remote_state.eks",
            "kubernetes_deployment.rabbit"
          ]
        }
      ]
    },
    {
      "module": "module.accounts-microservice",
      "mode": "managed",
      "type": "kubernetes_deployment",
      "name": "service_deployment",
      "provider": "provider[\"registry.terraform.io/hashicorp/kubernetes\"]",
      "instances": [
        {
          "schema_version": 1,
          "attributes": {
            "id": "default/accounts-micros",
            "metadata": [
              {
                "annotations": null,
                "generate_name": "",
                "generation": 1,
                "labels": {
                  "pod": "accounts-micros"
                },
                "name": "accounts-micros",
                "namespace": "default",
                "resource_version": "12859",
                "uid": "2ebefc8f-8f19-430c-a1d9-8a07cbdcb02b"
              }
            ],
            "spec": [
              {
                "min_ready_seconds": 0,
                "paused": false,
                "progress_deadline_seconds": 600,
                "replicas": "1",
                "revision_history_limit": 10,
                "selector": [
                  {
                    "match_expressions": [],
                    "match_labels": {
                      "pod": "accounts-micros"
                    }
                  }
                ],
                "strategy": [
                  {
                    "rolling_update": [
                      {
                        "max_surge": "25%",
                        "max_unavailable": "25%"
                      }
                    ],
                    "type": "RollingUpdate"
                  }
                ],
                "template": [
                  {
                    "metadata": [
                      {
                        "annotations": null,
                        "generate_name": "",
                        "generation": 0,
                        "labels": {
                          "pod": "accounts-micros"
                        },
                        "name": "",
                        "namespace": "",
                        "resource_version": "",
                        "uid": ""
                      }
                    ],
                    "spec": [
                      {
                        "active_deadline_seconds": 0,
                        "affinity": [],
                        "automount_service_account_token": true,
                        "container": [
                          {
                            "args": null,
                            "command": null,
                            "env": [
                              {
                                "name": "PORT",
                                "value": "80",
                                "value_from": []
                              },
                              {
                                "name": "ACCOUNTS_MICROS",
                                "value": "http://accounts-micros",
                                "value_from": []
                              },
                              {
                                "name": "DB",
                                "value": "mongodb://accounts:accountspass1@10.0.1.70:27017,10.0.2.153:27017,10.0.3.205:27017/accounts",
                                "value_from": []
                              },
                              {
                                "name": "DEMOGRAPHY_MICROS",
                                "value": "http://demography-micros",
                                "value_from": []
                              },
                              {
                                "name": "POLLS_MICROS",
                                "value": "http://polls-micros",
                                "value_from": []
                              },
                              {
                                "name": "PORT",
                                "value": "8080",
                                "value_from": []
                              },
                              {
                                "name": "RABBIT",
                                "value": "amqp://guest:guest@rabbit:5672",
                                "value_from": []
                              }
                            ],
                            "env_from": [],
                            "image": "266223464694.dkr.ecr.us-east-2.amazonaws.com/pollit_registry:1",
                            "image_pull_policy": "IfNotPresent",
                            "lifecycle": [],
                            "liveness_probe": [],
                            "name": "accounts-micros",
                            "port": [],
                            "readiness_probe": [],
                            "resources": [
                              {
                                "limits": null,
                                "requests": null
                              }
                            ],
                            "security_context": [],
                            "startup_probe": [],
                            "stdin": false,
                            "stdin_once": false,
                            "termination_message_path": "/dev/termination-log",
                            "termination_message_policy": "File",
                            "tty": false,
                            "volume_mount": [],
                            "working_dir": ""
                          }
                        ],
                        "dns_config": [],
                        "dns_policy": "ClusterFirst",
                        "enable_service_links": true,
                        "host_aliases": [],
                        "host_ipc": false,
                        "host_network": false,
                        "host_pid": false,
                        "hostname": "accounts-micros",
                        "image_pull_secrets": [
                          {
                            "name": "docker-credentials"
                          }
                        ],
                        "init_container": [],
                        "node_name": "",
                        "node_selector": {
                          "node-type": "backend"
                        },
                        "priority_class_name": "",
                        "readiness_gate": [],
                        "restart_policy": "Always",
                        "security_context": [],
                        "service_account_name": "",
                        "share_process_namespace": false,
                        "subdomain": "",
                        "termination_grace_period_seconds": 30,
                        "toleration": [],
                        "topology_spread_constraint": [],
                        "volume": []
                      }
                    ]
                  }
                ]
              }
            ],
            "timeouts": null,
            "wait_for_rollout": true
          },
          "sensitive_attributes": [],
          "private": "eyJlMmJmYjczMC1lY2FhLTExZTYtOGY4OC0zNDM2M2JjN2M0YzAiOnsiY3JlYXRlIjo2MDAwMDAwMDAwMDAsImRlbGV0ZSI6NjAwMDAwMDAwMDAwLCJ1cGRhdGUiOjYwMDAwMDAwMDAwMH0sInNjaGVtYV92ZXJzaW9uIjoiMSJ9",
          "dependencies": [
            "aws_ecr_repository.registry",
            "data.aws_ecr_authorization_token.token",
            "data.aws_eks_cluster.cluster",
            "data.aws_instances.mongodb_instances",
            "data.terraform_remote_state.eks",
            "kubernetes_secret.docker_credentials",
            "module.accounts-microservice.null_resource.docker_build",
            "module.accounts-microservice.null_resource.docker_login",
            "module.accounts-microservice.null_resource.docker_push"
          ]
        }
      ]
    },
    {
      "module": "module.accounts-microservice",
      "mode": "managed",
      "type": "kubernetes_service",
      "name": "service",
      "provider": "provider[\"registry.terraform.io/hashicorp/kubernetes\"]",
      "instances": [
        {
          "schema_version": 1,
          "attributes": {
            "id": "default/accounts-micros",
            "metadata": [
              {
                "annotations": null,
                "generate_name": "",
                "generation": 0,
                "labels": {
                  "app": "accounts-micros"
                },
                "name": "accounts-micros",
                "namespace": "default",
                "resource_version": "12932",
                "uid": "55da504c-f1da-4d60-a4b0-39551d34fd9c"
              }
            ],
            "spec": [
              {
                "allocate_load_balancer_node_ports": true,
                "cluster_ip": "172.20.117.210",
                "cluster_ips": [
                  "172.20.117.210"
                ],
                "external_ips": null,
                "external_name": "",
                "external_traffic_policy": "Cluster",
                "health_check_node_port": 0,
                "internal_traffic_policy": "Cluster",
                "ip_families": [
                  "IPv4"
                ],
                "ip_family_policy": "SingleStack",
                "load_balancer_class": "",
                "load_balancer_ip": "",
                "load_balancer_source_ranges": null,
                "port": [
                  {
                    "app_protocol": "",
                    "name": "http",
                    "node_port": 30513,
                    "port": 80,
                    "protocol": "TCP",
                    "target_port": "8080"
                  }
                ],
                "publish_not_ready_addresses": false,
                "selector": {
                  "pod": "accounts-micros"
                },
                "session_affinity": "None",
                "session_affinity_config": [],
                "type": "NodePort"
              }
            ],
            "status": [
              {
                "load_balancer": [
                  {
                    "ingress": []
                  }
                ]
              }
            ],
            "timeouts": null,
            "wait_for_load_balancer": true
          },
          "sensitive_attributes": [],
          "private": "eyJlMmJmYjczMC1lY2FhLTExZTYtOGY4OC0zNDM2M2JjN2M0YzAiOnsiY3JlYXRlIjo2MDAwMDAwMDAwMDB9LCJzY2hlbWFfdmVyc2lvbiI6IjEifQ==",
          "dependencies": [
            "aws_ecr_repository.registry",
            "data.aws_ecr_authorization_token.token",
            "data.aws_eks_cluster.cluster",
            "data.aws_instances.mongodb_instances",
            "data.terraform_remote_state.eks",
            "kubernetes_secret.docker_credentials",
            "module.accounts-microservice.kubernetes_deployment.service_deployment",
            "module.accounts-microservice.null_resource.docker_build",
            "module.accounts-microservice.null_resource.docker_login",
            "module.accounts-microservice.null_resource.docker_push"
          ]
        }
      ]
    },
    {
      "module": "module.accounts-microservice",
      "mode": "managed",
      "type": "null_resource",
      "name": "docker_build",
      "provider": "provider[\"registry.terraform.io/hashicorp/null\"]",
      "instances": [
        {
          "schema_version": 0,
          "attributes": {
            "id": "1791642082457496969",
            "triggers": {
              "always_run": "2022-10-18T15:02:45Z"
            }
          },
          "sensitive_attributes": [],
          "private": "bnVsbA==",
          "dependencies": [
            "aws_ecr_repository.registry"
          ]
        }
      ]
    },
    {
      "module": "module.accounts-microservice",
      "mode": "managed",
      "type": "null_resource",
      "name": "docker_login",
      "provider": "provider[\"registry.terraform.io/hashicorp/null\"]",
      "instances": [
        {
          "schema_version": 0,
          "attributes": {
            "id": "4014054346807631784",
            "triggers": {
              "always_run": "2022-10-18T15:03:01Z"
            }
          },
          "sensitive_attributes": [],
          "private": "bnVsbA==",
          "dependencies": [
            "aws_ecr_repository.registry",
            "data.terraform_remote_state.eks",
            "module.accounts-microservice.null_resource.docker_build"
          ]
        }
      ]
    },
    {
      "module": "module.accounts-microservice",
      "mode": "managed",
      "type": "null_resource",
      "name": "docker_push",
      "provider": "provider[\"registry.terraform.io/hashicorp/null\"]",
      "instances": [
        {
          "schema_version": 0,
          "attributes": {
            "id": "824198967378348172",
            "triggers": {
              "always_run": "2022-10-18T15:03:12Z"
            }
          },
          "sensitive_attributes": [],
          "private": "bnVsbA==",
          "dependencies": [
            "aws_ecr_repository.registry",
            "data.terraform_remote_state.eks",
            "module.accounts-microservice.null_resource.docker_build",
            "module.accounts-microservice.null_resource.docker_login"
          ]
        }
      ]
    },
    {
      "module": "module.demography-microservice",
      "mode": "managed",
      "type": "kubernetes_deployment",
      "name": "service_deployment",
      "provider": "provider[\"registry.terraform.io/hashicorp/kubernetes\"]",
      "instances": [
        {
          "schema_version": 1,
          "attributes": {
            "id": "default/demography-micros",
            "metadata": [
              {
                "annotations": null,
                "generate_name": "",
                "generation": 1,
                "labels": {
                  "pod": "demography-micros"
                },
                "name": "demography-micros",
                "namespace": "default",
                "resource_version": "12856",
                "uid": "041ce186-4ab8-404f-9d95-e155c5779fb4"
              }
            ],
            "spec": [
              {
                "min_ready_seconds": 0,
                "paused": false,
                "progress_deadline_seconds": 600,
                "replicas": "1",
                "revision_history_limit": 10,
                "selector": [
                  {
                    "match_expressions": [],
                    "match_labels": {
                      "pod": "demography-micros"
                    }
                  }
                ],
                "strategy": [
                  {
                    "rolling_update": [
                      {
                        "max_surge": "25%",
                        "max_unavailable": "25%"
                      }
                    ],
                    "type": "RollingUpdate"
                  }
                ],
                "template": [
                  {
                    "metadata": [
                      {
                        "annotations": null,
                        "generate_name": "",
                        "generation": 0,
                        "labels": {
                          "pod": "demography-micros"
                        },
                        "name": "",
                        "namespace": "",
                        "resource_version": "",
                        "uid": ""
                      }
                    ],
                    "spec": [
                      {
                        "active_deadline_seconds": 0,
                        "affinity": [],
                        "automount_service_account_token": true,
                        "container": [
                          {
                            "args": null,
                            "command": null,
                            "env": [
                              {
                                "name": "PORT",
                                "value": "80",
                                "value_from": []
                              },
                              {
                                "name": "ACCOUNTS_MICROS",
                                "value": "http://accounts-micros",
                                "value_from": []
                              },
                              {
                                "name": "DB",
                                "value": "mongodb://demography:demographypass1@10.0.1.70:27017,10.0.2.153:27017,10.0.3.205:27017/demography",
                                "value_from": []
                              },
                              {
                                "name": "DEMOGRAPHY_MICROS",
                                "value": "http://demography-micros",
                                "value_from": []
                              },
                              {
                                "name": "POLLS_MICROS",
                                "value": "http://polls-micros",
                                "value_from": []
                              },
                              {
                                "name": "PORT",
                                "value": "8080",
                                "value_from": []
                              },
                              {
                                "name": "RABBIT",
                                "value": "amqp://guest:guest@rabbit:5672",
                                "value_from": []
                              }
                            ],
                            "env_from": [],
                            "image": "266223464694.dkr.ecr.us-east-2.amazonaws.com/pollit_registry:1",
                            "image_pull_policy": "IfNotPresent",
                            "lifecycle": [],
                            "liveness_probe": [],
                            "name": "demography-micros",
                            "port": [],
                            "readiness_probe": [],
                            "resources": [
                              {
                                "limits": null,
                                "requests": null
                              }
                            ],
                            "security_context": [],
                            "startup_probe": [],
                            "stdin": false,
                            "stdin_once": false,
                            "termination_message_path": "/dev/termination-log",
                            "termination_message_policy": "File",
                            "tty": false,
                            "volume_mount": [],
                            "working_dir": ""
                          }
                        ],
                        "dns_config": [],
                        "dns_policy": "ClusterFirst",
                        "enable_service_links": true,
                        "host_aliases": [],
                        "host_ipc": false,
                        "host_network": false,
                        "host_pid": false,
                        "hostname": "demography-micros",
                        "image_pull_secrets": [
                          {
                            "name": "docker-credentials"
                          }
                        ],
                        "init_container": [],
                        "node_name": "",
                        "node_selector": {
                          "node-type": "backend"
                        },
                        "priority_class_name": "",
                        "readiness_gate": [],
                        "restart_policy": "Always",
                        "security_context": [],
                        "service_account_name": "",
                        "share_process_namespace": false,
                        "subdomain": "",
                        "termination_grace_period_seconds": 30,
                        "toleration": [],
                        "topology_spread_constraint": [],
                        "volume": []
                      }
                    ]
                  }
                ]
              }
            ],
            "timeouts": null,
            "wait_for_rollout": true
          },
          "sensitive_attributes": [],
          "private": "eyJlMmJmYjczMC1lY2FhLTExZTYtOGY4OC0zNDM2M2JjN2M0YzAiOnsiY3JlYXRlIjo2MDAwMDAwMDAwMDAsImRlbGV0ZSI6NjAwMDAwMDAwMDAwLCJ1cGRhdGUiOjYwMDAwMDAwMDAwMH0sInNjaGVtYV92ZXJzaW9uIjoiMSJ9",
          "dependencies": [
            "aws_ecr_repository.registry",
            "data.aws_ecr_authorization_token.token",
            "data.aws_eks_cluster.cluster",
            "data.aws_instances.mongodb_instances",
            "data.terraform_remote_state.eks",
            "kubernetes_secret.docker_credentials",
            "module.demography-microservice.null_resource.docker_build",
            "module.demography-microservice.null_resource.docker_login",
            "module.demography-microservice.null_resource.docker_push"
          ]
        }
      ]
    },
    {
      "module": "module.demography-microservice",
      "mode": "managed",
      "type": "kubernetes_service",
      "name": "service",
      "provider": "provider[\"registry.terraform.io/hashicorp/kubernetes\"]",
      "instances": [
        {
          "schema_version": 1,
          "attributes": {
            "id": "default/demography-micros",
            "metadata": [
              {
                "annotations": null,
                "generate_name": "",
                "generation": 0,
                "labels": {
                  "app": "demography-micros"
                },
                "name": "demography-micros",
                "namespace": "default",
                "resource_version": "12927",
                "uid": "03889c9d-7f3d-48df-aa6f-0609a04332e9"
              }
            ],
            "spec": [
              {
                "allocate_load_balancer_node_ports": true,
                "cluster_ip": "172.20.216.42",
                "cluster_ips": [
                  "172.20.216.42"
                ],
                "external_ips": null,
                "external_name": "",
                "external_traffic_policy": "Cluster",
                "health_check_node_port": 0,
                "internal_traffic_policy": "Cluster",
                "ip_families": [
                  "IPv4"
                ],
                "ip_family_policy": "SingleStack",
                "load_balancer_class": "",
                "load_balancer_ip": "",
                "load_balancer_source_ranges": null,
                "port": [
                  {
                    "app_protocol": "",
                    "name": "http",
                    "node_port": 30549,
                    "port": 80,
                    "protocol": "TCP",
                    "target_port": "8080"
                  }
                ],
                "publish_not_ready_addresses": false,
                "selector": {
                  "pod": "demography-micros"
                },
                "session_affinity": "None",
                "session_affinity_config": [],
                "type": "NodePort"
              }
            ],
            "status": [
              {
                "load_balancer": [
                  {
                    "ingress": []
                  }
                ]
              }
            ],
            "timeouts": null,
            "wait_for_load_balancer": true
          },
          "sensitive_attributes": [],
          "private": "eyJlMmJmYjczMC1lY2FhLTExZTYtOGY4OC0zNDM2M2JjN2M0YzAiOnsiY3JlYXRlIjo2MDAwMDAwMDAwMDB9LCJzY2hlbWFfdmVyc2lvbiI6IjEifQ==",
          "dependencies": [
            "aws_ecr_repository.registry",
            "data.aws_ecr_authorization_token.token",
            "data.aws_eks_cluster.cluster",
            "data.aws_instances.mongodb_instances",
            "data.terraform_remote_state.eks",
            "kubernetes_secret.docker_credentials",
            "module.demography-microservice.kubernetes_deployment.service_deployment",
            "module.demography-microservice.null_resource.docker_build",
            "module.demography-microservice.null_resource.docker_login",
            "module.demography-microservice.null_resource.docker_push"
          ]
        }
      ]
    },
    {
      "module": "module.demography-microservice",
      "mode": "managed",
      "type": "null_resource",
      "name": "docker_build",
      "provider": "provider[\"registry.terraform.io/hashicorp/null\"]",
      "instances": [
        {
          "schema_version": 0,
          "attributes": {
            "id": "1056643782583105682",
            "triggers": {
              "always_run": "2022-10-18T15:02:45Z"
            }
          },
          "sensitive_attributes": [],
          "private": "bnVsbA==",
          "dependencies": [
            "aws_ecr_repository.registry"
          ]
        }
      ]
    },
    {
      "module": "module.demography-microservice",
      "mode": "managed",
      "type": "null_resource",
      "name": "docker_login",
      "provider": "provider[\"registry.terraform.io/hashicorp/null\"]",
      "instances": [
        {
          "schema_version": 0,
          "attributes": {
            "id": "4020570471304584225",
            "triggers": {
              "always_run": "2022-10-18T15:03:00Z"
            }
          },
          "sensitive_attributes": [],
          "private": "bnVsbA==",
          "dependencies": [
            "aws_ecr_repository.registry",
            "data.terraform_remote_state.eks",
            "module.demography-microservice.null_resource.docker_build"
          ]
        }
      ]
    },
    {
      "module": "module.demography-microservice",
      "mode": "managed",
      "type": "null_resource",
      "name": "docker_push",
      "provider": "provider[\"registry.terraform.io/hashicorp/null\"]",
      "instances": [
        {
          "schema_version": 0,
          "attributes": {
            "id": "6681971821983475926",
            "triggers": {
              "always_run": "2022-10-18T15:03:12Z"
            }
          },
          "sensitive_attributes": [],
          "private": "bnVsbA==",
          "dependencies": [
            "aws_ecr_repository.registry",
            "data.terraform_remote_state.eks",
            "module.demography-microservice.null_resource.docker_build",
            "module.demography-microservice.null_resource.docker_login"
          ]
        }
      ]
    },
    {
      "module": "module.pollitAB-microservice",
      "mode": "managed",
      "type": "kubernetes_deployment",
      "name": "service_deployment",
      "provider": "provider[\"registry.terraform.io/hashicorp/kubernetes\"]",
      "instances": [
        {
          "status": "tainted",
          "schema_version": 1,
          "attributes": {
            "id": "default/pollitadmin-backend",
            "metadata": [
              {
                "annotations": null,
                "generate_name": "",
                "generation": 0,
                "labels": {
                  "pod": "pollitadmin-backend"
                },
                "name": "pollitadmin-backend",
                "namespace": "default",
                "resource_version": "",
                "uid": ""
              }
            ],
            "spec": [
              {
                "min_ready_seconds": 0,
                "paused": false,
                "progress_deadline_seconds": 600,
                "replicas": "1",
                "revision_history_limit": 10,
                "selector": [
                  {
                    "match_expressions": [],
                    "match_labels": {
                      "pod": "pollitadmin-backend"
                    }
                  }
                ],
                "strategy": [],
                "template": [
                  {
                    "metadata": [
                      {
                        "annotations": null,
                        "generate_name": "",
                        "generation": 0,
                        "labels": {
                          "pod": "pollitadmin-backend"
                        },
                        "name": "",
                        "namespace": "",
                        "resource_version": "",
                        "uid": ""
                      }
                    ],
                    "spec": [
                      {
                        "active_deadline_seconds": 0,
                        "affinity": [],
                        "automount_service_account_token": true,
                        "container": [
                          {
                            "args": null,
                            "command": null,
                            "env": [
                              {
                                "name": "PORT",
                                "value": "80",
                                "value_from": []
                              },
                              {
                                "name": "ACCOUNTS_MICROS",
                                "value": "http://accounts-micros",
                                "value_from": []
                              },
                              {
                                "name": "AUDIENCE",
                                "value": "https://pollitAdmin25804-backend",
                                "value_from": []
                              },
                              {
                                "name": "DEMOGRAPHY_MICROS",
                                "value": "http://demography-micros",
                                "value_from": []
                              },
                              {
                                "name": "ISSUER",
                                "value": "https://dev-xu6xg5to.us.auth0.com/",
                                "value_from": []
                              },
                              {
                                "name": "JWKSURI",
                                "value": "https://dev-xu6xg5to.us.auth0.com/.well-known/jwks.json",
                                "value_from": []
                              },
                              {
                                "name": "POLLS_MICROS",
                                "value": "http://polls-micros",
                                "value_from": []
                              },
                              {
                                "name": "PORT",
                                "value": "8080",
                                "value_from": []
                              },
                              {
                                "name": "RABBIT",
                                "value": "amqp://guest:guest@rabbit:5672",
                                "value_from": []
                              }
                            ],
                            "env_from": [],
                            "image": "266223464694.dkr.ecr.us-east-2.amazonaws.com/pollit_registry:1",
                            "image_pull_policy": "",
                            "lifecycle": [],
                            "liveness_probe": [],
                            "name": "pollitadmin-backend",
                            "port": [],
                            "readiness_probe": [],
                            "resources": [],
                            "security_context": [],
                            "startup_probe": [],
                            "stdin": false,
                            "stdin_once": false,
                            "termination_message_path": "/dev/termination-log",
                            "termination_message_policy": "",
                            "tty": false,
                            "volume_mount": [],
                            "working_dir": ""
                          }
                        ],
                        "dns_config": [],
                        "dns_policy": "ClusterFirst",
                        "enable_service_links": true,
                        "host_aliases": [],
                        "host_ipc": false,
                        "host_network": false,
                        "host_pid": false,
                        "hostname": "pollitadmin-backend",
                        "image_pull_secrets": [
                          {
                            "name": "docker-credentials"
                          }
                        ],
                        "init_container": [],
                        "node_name": "",
                        "node_selector": {
                          "node-type": "frontend"
                        },
                        "priority_class_name": "",
                        "readiness_gate": [],
                        "restart_policy": "Always",
                        "security_context": [],
                        "service_account_name": "",
                        "share_process_namespace": false,
                        "subdomain": "",
                        "termination_grace_period_seconds": 30,
                        "toleration": [],
                        "topology_spread_constraint": [],
                        "volume": []
                      }
                    ]
                  }
                ]
              }
            ],
            "timeouts": null,
            "wait_for_rollout": true
          },
          "sensitive_attributes": [],
          "private": "eyJlMmJmYjczMC1lY2FhLTExZTYtOGY4OC0zNDM2M2JjN2M0YzAiOnsiY3JlYXRlIjo2MDAwMDAwMDAwMDAsImRlbGV0ZSI6NjAwMDAwMDAwMDAwLCJ1cGRhdGUiOjYwMDAwMDAwMDAwMH0sInNjaGVtYV92ZXJzaW9uIjoiMSJ9",
          "dependencies": [
            "aws_ecr_repository.registry",
            "data.aws_ecr_authorization_token.token",
            "data.aws_eks_cluster.cluster",
            "data.terraform_remote_state.eks",
            "kubernetes_secret.docker_credentials",
            "module.pollitAB-microservice.null_resource.docker_build",
            "module.pollitAB-microservice.null_resource.docker_login",
            "module.pollitAB-microservice.null_resource.docker_push"
          ]
        }
      ]
    },
    {
      "module": "module.pollitAB-microservice",
      "mode": "managed",
      "type": "kubernetes_service",
      "name": "service",
      "provider": "provider[\"registry.terraform.io/hashicorp/kubernetes\"]",
      "instances": []
    },
    {
      "module": "module.pollitAB-microservice",
      "mode": "managed",
      "type": "null_resource",
      "name": "docker_build",
      "provider": "provider[\"registry.terraform.io/hashicorp/null\"]",
      "instances": [
        {
          "schema_version": 0,
          "attributes": {
            "id": "8007679855550094574",
            "triggers": {
              "always_run": "2022-10-18T15:02:45Z"
            }
          },
          "sensitive_attributes": [],
          "private": "bnVsbA==",
          "dependencies": [
            "aws_ecr_repository.registry"
          ]
        }
      ]
    },
    {
      "module": "module.pollitAB-microservice",
      "mode": "managed",
      "type": "null_resource",
      "name": "docker_login",
      "provider": "provider[\"registry.terraform.io/hashicorp/null\"]",
      "instances": [
        {
          "schema_version": 0,
          "attributes": {
            "id": "4818670267108759926",
            "triggers": {
              "always_run": "2022-10-18T15:03:00Z"
            }
          },
          "sensitive_attributes": [],
          "private": "bnVsbA==",
          "dependencies": [
            "aws_ecr_repository.registry",
            "data.terraform_remote_state.eks",
            "module.pollitAB-microservice.null_resource.docker_build"
          ]
        }
      ]
    },
    {
      "module": "module.pollitAB-microservice",
      "mode": "managed",
      "type": "null_resource",
      "name": "docker_push",
      "provider": "provider[\"registry.terraform.io/hashicorp/null\"]",
      "instances": [
        {
          "schema_version": 0,
          "attributes": {
            "id": "1885061123538194137",
            "triggers": {
              "always_run": "2022-10-18T15:03:14Z"
            }
          },
          "sensitive_attributes": [],
          "private": "bnVsbA==",
          "dependencies": [
            "aws_ecr_repository.registry",
            "data.terraform_remote_state.eks",
            "module.pollitAB-microservice.null_resource.docker_build",
            "module.pollitAB-microservice.null_resource.docker_login"
          ]
        }
      ]
    },
    {
      "module": "module.pollitAF-microservice",
      "mode": "managed",
      "type": "kubernetes_deployment",
      "name": "service_deployment",
      "provider": "provider[\"registry.terraform.io/hashicorp/kubernetes\"]",
      "instances": [
        {
          "schema_version": 1,
          "attributes": {
            "id": "default/pollitadmin-frontend",
            "metadata": [
              {
                "annotations": null,
                "generate_name": "",
                "generation": 1,
                "labels": {
                  "pod": "pollitadmin-frontend"
                },
                "name": "pollitadmin-frontend",
                "namespace": "default",
                "resource_version": "12853",
                "uid": "98da8ed7-1eb7-4e1d-b104-fbe5bbb64815"
              }
            ],
            "spec": [
              {
                "min_ready_seconds": 0,
                "paused": false,
                "progress_deadline_seconds": 600,
                "replicas": "1",
                "revision_history_limit": 10,
                "selector": [
                  {
                    "match_expressions": [],
                    "match_labels": {
                      "pod": "pollitadmin-frontend"
                    }
                  }
                ],
                "strategy": [
                  {
                    "rolling_update": [
                      {
                        "max_surge": "25%",
                        "max_unavailable": "25%"
                      }
                    ],
                    "type": "RollingUpdate"
                  }
                ],
                "template": [
                  {
                    "metadata": [
                      {
                        "annotations": null,
                        "generate_name": "",
                        "generation": 0,
                        "labels": {
                          "pod": "pollitadmin-frontend"
                        },
                        "name": "",
                        "namespace": "",
                        "resource_version": "",
                        "uid": ""
                      }
                    ],
                    "spec": [
                      {
                        "active_deadline_seconds": 0,
                        "affinity": [],
                        "automount_service_account_token": true,
                        "container": [
                          {
                            "args": null,
                            "command": null,
                            "env": [
                              {
                                "name": "PORT",
                                "value": "80",
                                "value_from": []
                              },
                              {
                                "name": "ACCOUNTS_MICROS",
                                "value": "http://accounts-micros",
                                "value_from": []
                              },
                              {
                                "name": "AUDIENCE",
                                "value": "https://pollitAdmin25804-backend",
                                "value_from": []
                              },
                              {
                                "name": "DEMOGRAPHY_MICROS",
                                "value": "http://demography-micros",
                                "value_from": []
                              },
                              {
                                "name": "ISSUER",
                                "value": "https://dev-xu6xg5to.us.auth0.com/",
                                "value_from": []
                              },
                              {
                                "name": "JWKSURI",
                                "value": "https://dev-xu6xg5to.us.auth0.com/.well-known/jwks.json",
                                "value_from": []
                              },
                              {
                                "name": "POLLS_MICROS",
                                "value": "http://polls-micros",
                                "value_from": []
                              },
                              {
                                "name": "PORT",
                                "value": "8080",
                                "value_from": []
                              },
                              {
                                "name": "RABBIT",
                                "value": "amqp://guest:guest@rabbit:5672",
                                "value_from": []
                              },
                              {
                                "name": "ServerURL",
                                "value": "http://adminapi.pollit.com",
                                "value_from": []
                              }
                            ],
                            "env_from": [],
                            "image": "266223464694.dkr.ecr.us-east-2.amazonaws.com/pollit_registry:1",
                            "image_pull_policy": "IfNotPresent",
                            "lifecycle": [],
                            "liveness_probe": [],
                            "name": "pollitadmin-frontend",
                            "port": [],
                            "readiness_probe": [],
                            "resources": [
                              {
                                "limits": null,
                                "requests": null
                              }
                            ],
                            "security_context": [],
                            "startup_probe": [],
                            "stdin": false,
                            "stdin_once": false,
                            "termination_message_path": "/dev/termination-log",
                            "termination_message_policy": "File",
                            "tty": false,
                            "volume_mount": [],
                            "working_dir": ""
                          }
                        ],
                        "dns_config": [],
                        "dns_policy": "ClusterFirst",
                        "enable_service_links": true,
                        "host_aliases": [],
                        "host_ipc": false,
                        "host_network": false,
                        "host_pid": false,
                        "hostname": "pollitadmin-frontend",
                        "image_pull_secrets": [
                          {
                            "name": "docker-credentials"
                          }
                        ],
                        "init_container": [],
                        "node_name": "",
                        "node_selector": {
                          "node-type": "frontend"
                        },
                        "priority_class_name": "",
                        "readiness_gate": [],
                        "restart_policy": "Always",
                        "security_context": [],
                        "service_account_name": "",
                        "share_process_namespace": false,
                        "subdomain": "",
                        "termination_grace_period_seconds": 30,
                        "toleration": [],
                        "topology_spread_constraint": [],
                        "volume": []
                      }
                    ]
                  }
                ]
              }
            ],
            "timeouts": null,
            "wait_for_rollout": true
          },
          "sensitive_attributes": [],
          "private": "eyJlMmJmYjczMC1lY2FhLTExZTYtOGY4OC0zNDM2M2JjN2M0YzAiOnsiY3JlYXRlIjo2MDAwMDAwMDAwMDAsImRlbGV0ZSI6NjAwMDAwMDAwMDAwLCJ1cGRhdGUiOjYwMDAwMDAwMDAwMH0sInNjaGVtYV92ZXJzaW9uIjoiMSJ9",
          "dependencies": [
            "aws_ecr_repository.registry",
            "data.aws_ecr_authorization_token.token",
            "data.aws_eks_cluster.cluster",
            "data.terraform_remote_state.eks",
            "kubernetes_secret.docker_credentials",
            "module.pollitAF-microservice.null_resource.docker_build",
            "module.pollitAF-microservice.null_resource.docker_login",
            "module.pollitAF-microservice.null_resource.docker_push"
          ]
        }
      ]
    },
    {
      "module": "module.pollitAF-microservice",
      "mode": "managed",
      "type": "kubernetes_service",
      "name": "service",
      "provider": "provider[\"registry.terraform.io/hashicorp/kubernetes\"]",
      "instances": [
        {
          "schema_version": 1,
          "attributes": {
            "id": "default/pollitadmin-frontend",
            "metadata": [
              {
                "annotations": null,
                "generate_name": "",
                "generation": 0,
                "labels": {
                  "app": "pollitadmin-frontend"
                },
                "name": "pollitadmin-frontend",
                "namespace": "default",
                "resource_version": "12913",
                "uid": "fd76fba9-0b98-4401-9ed4-823f5b95200f"
              }
            ],
            "spec": [
              {
                "allocate_load_balancer_node_ports": true,
                "cluster_ip": "172.20.249.253",
                "cluster_ips": [
                  "172.20.249.253"
                ],
                "external_ips": null,
                "external_name": "",
                "external_traffic_policy": "Cluster",
                "health_check_node_port": 0,
                "internal_traffic_policy": "Cluster",
                "ip_families": [
                  "IPv4"
                ],
                "ip_family_policy": "SingleStack",
                "load_balancer_class": "",
                "load_balancer_ip": "",
                "load_balancer_source_ranges": null,
                "port": [
                  {
                    "app_protocol": "",
                    "name": "http",
                    "node_port": 32544,
                    "port": 80,
                    "protocol": "TCP",
                    "target_port": "8080"
                  }
                ],
                "publish_not_ready_addresses": false,
                "selector": {
                  "pod": "pollitadmin-frontend"
                },
                "session_affinity": "ClientIP",
                "session_affinity_config": [
                  {
                    "client_ip": [
                      {
                        "timeout_seconds": 10800
                      }
                    ]
                  }
                ],
                "type": "NodePort"
              }
            ],
            "status": [
              {
                "load_balancer": [
                  {
                    "ingress": []
                  }
                ]
              }
            ],
            "timeouts": null,
            "wait_for_load_balancer": true
          },
          "sensitive_attributes": [],
          "private": "eyJlMmJmYjczMC1lY2FhLTExZTYtOGY4OC0zNDM2M2JjN2M0YzAiOnsiY3JlYXRlIjo2MDAwMDAwMDAwMDB9LCJzY2hlbWFfdmVyc2lvbiI6IjEifQ==",
          "dependencies": [
            "aws_ecr_repository.registry",
            "data.aws_ecr_authorization_token.token",
            "data.aws_eks_cluster.cluster",
            "data.terraform_remote_state.eks",
            "kubernetes_secret.docker_credentials",
            "module.pollitAF-microservice.kubernetes_deployment.service_deployment",
            "module.pollitAF-microservice.null_resource.docker_build",
            "module.pollitAF-microservice.null_resource.docker_login",
            "module.pollitAF-microservice.null_resource.docker_push"
          ]
        }
      ]
    },
    {
      "module": "module.pollitAF-microservice",
      "mode": "managed",
      "type": "null_resource",
      "name": "docker_build",
      "provider": "provider[\"registry.terraform.io/hashicorp/null\"]",
      "instances": [
        {
          "schema_version": 0,
          "attributes": {
            "id": "6828742115007519839",
            "triggers": {
              "always_run": "2022-10-18T15:02:45Z"
            }
          },
          "sensitive_attributes": [],
          "private": "bnVsbA==",
          "dependencies": [
            "aws_ecr_repository.registry"
          ]
        }
      ]
    },
    {
      "module": "module.pollitAF-microservice",
      "mode": "managed",
      "type": "null_resource",
      "name": "docker_login",
      "provider": "provider[\"registry.terraform.io/hashicorp/null\"]",
      "instances": [
        {
          "schema_version": 0,
          "attributes": {
            "id": "239826381023814818",
            "triggers": {
              "always_run": "2022-10-18T15:03:01Z"
            }
          },
          "sensitive_attributes": [],
          "private": "bnVsbA==",
          "dependencies": [
            "aws_ecr_repository.registry",
            "data.terraform_remote_state.eks",
            "module.pollitAF-microservice.null_resource.docker_build"
          ]
        }
      ]
    },
    {
      "module": "module.pollitAF-microservice",
      "mode": "managed",
      "type": "null_resource",
      "name": "docker_push",
      "provider": "provider[\"registry.terraform.io/hashicorp/null\"]",
      "instances": [
        {
          "schema_version": 0,
          "attributes": {
            "id": "7404808720648592869",
            "triggers": {
              "always_run": "2022-10-18T15:03:12Z"
            }
          },
          "sensitive_attributes": [],
          "private": "bnVsbA==",
          "dependencies": [
            "aws_ecr_repository.registry",
            "data.terraform_remote_state.eks",
            "module.pollitAF-microservice.null_resource.docker_build",
            "module.pollitAF-microservice.null_resource.docker_login"
          ]
        }
      ]
    },
    {
      "module": "module.pollitB-microservice",
      "mode": "managed",
      "type": "kubernetes_deployment",
      "name": "service_deployment",
      "provider": "provider[\"registry.terraform.io/hashicorp/kubernetes\"]",
      "instances": [
        {
          "schema_version": 1,
          "attributes": {
            "id": "default/pollit-backend",
            "metadata": [
              {
                "annotations": null,
                "generate_name": "",
                "generation": 1,
                "labels": {
                  "pod": "pollit-backend"
                },
                "name": "pollit-backend",
                "namespace": "default",
                "resource_version": "12725",
                "uid": "2cfa2ba9-86bf-464e-9367-26d78793b61d"
              }
            ],
            "spec": [
              {
                "min_ready_seconds": 0,
                "paused": false,
                "progress_deadline_seconds": 600,
                "replicas": "1",
                "revision_history_limit": 10,
                "selector": [
                  {
                    "match_expressions": [],
                    "match_labels": {
                      "pod": "pollit-backend"
                    }
                  }
                ],
                "strategy": [
                  {
                    "rolling_update": [
                      {
                        "max_surge": "25%",
                        "max_unavailable": "25%"
                      }
                    ],
                    "type": "RollingUpdate"
                  }
                ],
                "template": [
                  {
                    "metadata": [
                      {
                        "annotations": null,
                        "generate_name": "",
                        "generation": 0,
                        "labels": {
                          "pod": "pollit-backend"
                        },
                        "name": "",
                        "namespace": "",
                        "resource_version": "",
                        "uid": ""
                      }
                    ],
                    "spec": [
                      {
                        "active_deadline_seconds": 0,
                        "affinity": [],
                        "automount_service_account_token": true,
                        "container": [
                          {
                            "args": null,
                            "command": null,
                            "env": [
                              {
                                "name": "PORT",
                                "value": "80",
                                "value_from": []
                              },
                              {
                                "name": "ACCOUNTS_MICROS",
                                "value": "http://accounts-micros",
                                "value_from": []
                              },
                              {
                                "name": "AUDIENCE",
                                "value": "https://pollit62339-backend",
                                "value_from": []
                              },
                              {
                                "name": "DEMOGRAPHY_MICROS",
                                "value": "http://demography-micros",
                                "value_from": []
                              },
                              {
                                "name": "ISSUER",
                                "value": "https://dev-xu6xg5to.us.auth0.com/",
                                "value_from": []
                              },
                              {
                                "name": "JWKSURI",
                                "value": "https://dev-xu6xg5to.us.auth0.com/.well-known/jwks.json",
                                "value_from": []
                              },
                              {
                                "name": "POLLS_MICROS",
                                "value": "http://polls-micros",
                                "value_from": []
                              },
                              {
                                "name": "PORT",
                                "value": "8080",
                                "value_from": []
                              },
                              {
                                "name": "RABBIT",
                                "value": "amqp://guest:guest@rabbit:5672",
                                "value_from": []
                              }
                            ],
                            "env_from": [],
                            "image": "266223464694.dkr.ecr.us-east-2.amazonaws.com/pollit_registry:1",
                            "image_pull_policy": "IfNotPresent",
                            "lifecycle": [],
                            "liveness_probe": [],
                            "name": "pollit-backend",
                            "port": [],
                            "readiness_probe": [],
                            "resources": [
                              {
                                "limits": null,
                                "requests": null
                              }
                            ],
                            "security_context": [],
                            "startup_probe": [],
                            "stdin": false,
                            "stdin_once": false,
                            "termination_message_path": "/dev/termination-log",
                            "termination_message_policy": "File",
                            "tty": false,
                            "volume_mount": [],
                            "working_dir": ""
                          }
                        ],
                        "dns_config": [],
                        "dns_policy": "ClusterFirst",
                        "enable_service_links": true,
                        "host_aliases": [],
                        "host_ipc": false,
                        "host_network": false,
                        "host_pid": false,
                        "hostname": "pollit-backend",
                        "image_pull_secrets": [
                          {
                            "name": "docker-credentials"
                          }
                        ],
                        "init_container": [],
                        "node_name": "",
                        "node_selector": {
                          "node-type": "frontend"
                        },
                        "priority_class_name": "",
                        "readiness_gate": [],
                        "restart_policy": "Always",
                        "security_context": [],
                        "service_account_name": "",
                        "share_process_namespace": false,
                        "subdomain": "",
                        "termination_grace_period_seconds": 30,
                        "toleration": [],
                        "topology_spread_constraint": [],
                        "volume": []
                      }
                    ]
                  }
                ]
              }
            ],
            "timeouts": null,
            "wait_for_rollout": true
          },
          "sensitive_attributes": [],
          "private": "eyJlMmJmYjczMC1lY2FhLTExZTYtOGY4OC0zNDM2M2JjN2M0YzAiOnsiY3JlYXRlIjo2MDAwMDAwMDAwMDAsImRlbGV0ZSI6NjAwMDAwMDAwMDAwLCJ1cGRhdGUiOjYwMDAwMDAwMDAwMH0sInNjaGVtYV92ZXJzaW9uIjoiMSJ9",
          "dependencies": [
            "aws_ecr_repository.registry",
            "data.aws_ecr_authorization_token.token",
            "data.aws_eks_cluster.cluster",
            "data.terraform_remote_state.eks",
            "kubernetes_secret.docker_credentials",
            "module.pollitB-microservice.null_resource.docker_build",
            "module.pollitB-microservice.null_resource.docker_login",
            "module.pollitB-microservice.null_resource.docker_push"
          ]
        }
      ]
    },
    {
      "module": "module.pollitB-microservice",
      "mode": "managed",
      "type": "kubernetes_service",
      "name": "service",
      "provider": "provider[\"registry.terraform.io/hashicorp/kubernetes\"]",
      "instances": [
        {
          "schema_version": 1,
          "attributes": {
            "id": "default/pollit-backend",
            "metadata": [
              {
                "annotations": null,
                "generate_name": "",
                "generation": 0,
                "labels": {
                  "app": "pollit-backend"
                },
                "name": "pollit-backend",
                "namespace": "default",
                "resource_version": "12777",
                "uid": "0c855e10-a3eb-4149-8351-2fb78e43c5b2"
              }
            ],
            "spec": [
              {
                "allocate_load_balancer_node_ports": true,
                "cluster_ip": "172.20.190.97",
                "cluster_ips": [
                  "172.20.190.97"
                ],
                "external_ips": null,
                "external_name": "",
                "external_traffic_policy": "Cluster",
                "health_check_node_port": 0,
                "internal_traffic_policy": "Cluster",
                "ip_families": [
                  "IPv4"
                ],
                "ip_family_policy": "SingleStack",
                "load_balancer_class": "",
                "load_balancer_ip": "",
                "load_balancer_source_ranges": null,
                "port": [
                  {
                    "app_protocol": "",
                    "name": "http",
                    "node_port": 31297,
                    "port": 80,
                    "protocol": "TCP",
                    "target_port": "8080"
                  }
                ],
                "publish_not_ready_addresses": false,
                "selector": {
                  "pod": "pollit-backend"
                },
                "session_affinity": "ClientIP",
                "session_affinity_config": [
                  {
                    "client_ip": [
                      {
                        "timeout_seconds": 10800
                      }
                    ]
                  }
                ],
                "type": "NodePort"
              }
            ],
            "status": [
              {
                "load_balancer": [
                  {
                    "ingress": []
                  }
                ]
              }
            ],
            "timeouts": null,
            "wait_for_load_balancer": true
          },
          "sensitive_attributes": [],
          "private": "eyJlMmJmYjczMC1lY2FhLTExZTYtOGY4OC0zNDM2M2JjN2M0YzAiOnsiY3JlYXRlIjo2MDAwMDAwMDAwMDB9LCJzY2hlbWFfdmVyc2lvbiI6IjEifQ==",
          "dependencies": [
            "aws_ecr_repository.registry",
            "data.aws_ecr_authorization_token.token",
            "data.aws_eks_cluster.cluster",
            "data.terraform_remote_state.eks",
            "kubernetes_secret.docker_credentials",
            "module.pollitB-microservice.kubernetes_deployment.service_deployment",
            "module.pollitB-microservice.null_resource.docker_build",
            "module.pollitB-microservice.null_resource.docker_login",
            "module.pollitB-microservice.null_resource.docker_push"
          ]
        }
      ]
    },
    {
      "module": "module.pollitB-microservice",
      "mode": "managed",
      "type": "null_resource",
      "name": "docker_build",
      "provider": "provider[\"registry.terraform.io/hashicorp/null\"]",
      "instances": [
        {
          "schema_version": 0,
          "attributes": {
            "id": "8781991034210619208",
            "triggers": {
              "always_run": "2022-10-18T15:02:45Z"
            }
          },
          "sensitive_attributes": [],
          "private": "bnVsbA==",
          "dependencies": [
            "aws_ecr_repository.registry"
          ]
        }
      ]
    },
    {
      "module": "module.pollitB-microservice",
      "mode": "managed",
      "type": "null_resource",
      "name": "docker_login",
      "provider": "provider[\"registry.terraform.io/hashicorp/null\"]",
      "instances": [
        {
          "schema_version": 0,
          "attributes": {
            "id": "6614483869495555225",
            "triggers": {
              "always_run": "2022-10-18T15:03:00Z"
            }
          },
          "sensitive_attributes": [],
          "private": "bnVsbA==",
          "dependencies": [
            "aws_ecr_repository.registry",
            "data.terraform_remote_state.eks",
            "module.pollitB-microservice.null_resource.docker_build"
          ]
        }
      ]
    },
    {
      "module": "module.pollitB-microservice",
      "mode": "managed",
      "type": "null_resource",
      "name": "docker_push",
      "provider": "provider[\"registry.terraform.io/hashicorp/null\"]",
      "instances": [
        {
          "schema_version": 0,
          "attributes": {
            "id": "5847075770087385540",
            "triggers": {
              "always_run": "2022-10-18T15:03:13Z"
            }
          },
          "sensitive_attributes": [],
          "private": "bnVsbA==",
          "dependencies": [
            "aws_ecr_repository.registry",
            "data.terraform_remote_state.eks",
            "module.pollitB-microservice.null_resource.docker_build",
            "module.pollitB-microservice.null_resource.docker_login"
          ]
        }
      ]
    },
    {
      "module": "module.pollitF-microservice",
      "mode": "managed",
      "type": "kubernetes_deployment",
      "name": "service_deployment",
      "provider": "provider[\"registry.terraform.io/hashicorp/kubernetes\"]",
      "instances": [
        {
          "status": "tainted",
          "schema_version": 1,
          "attributes": {
            "id": "default/pollit-frontend",
            "metadata": [
              {
                "annotations": null,
                "generate_name": "",
                "generation": 0,
                "labels": {
                  "pod": "pollit-frontend"
                },
                "name": "pollit-frontend",
                "namespace": "default",
                "resource_version": "",
                "uid": ""
              }
            ],
            "spec": [
              {
                "min_ready_seconds": 0,
                "paused": false,
                "progress_deadline_seconds": 600,
                "replicas": "1",
                "revision_history_limit": 10,
                "selector": [
                  {
                    "match_expressions": [],
                    "match_labels": {
                      "pod": "pollit-frontend"
                    }
                  }
                ],
                "strategy": [],
                "template": [
                  {
                    "metadata": [
                      {
                        "annotations": null,
                        "generate_name": "",
                        "generation": 0,
                        "labels": {
                          "pod": "pollit-frontend"
                        },
                        "name": "",
                        "namespace": "",
                        "resource_version": "",
                        "uid": ""
                      }
                    ],
                    "spec": [
                      {
                        "active_deadline_seconds": 0,
                        "affinity": [],
                        "automount_service_account_token": true,
                        "container": [
                          {
                            "args": null,
                            "command": null,
                            "env": [
                              {
                                "name": "PORT",
                                "value": "80",
                                "value_from": []
                              },
                              {
                                "name": "ACCOUNTS_MICROS",
                                "value": "http://accounts-micros",
                                "value_from": []
                              },
                              {
                                "name": "AUDIENCE",
                                "value": "https://pollit62339-backend",
                                "value_from": []
                              },
                              {
                                "name": "DEMOGRAPHY_MICROS",
                                "value": "http://demography-micros",
                                "value_from": []
                              },
                              {
                                "name": "ISSUER",
                                "value": "https://dev-xu6xg5to.us.auth0.com/",
                                "value_from": []
                              },
                              {
                                "name": "JWKSURI",
                                "value": "https://dev-xu6xg5to.us.auth0.com/.well-known/jwks.json",
                                "value_from": []
                              },
                              {
                                "name": "POLLS_MICROS",
                                "value": "http://polls-micros",
                                "value_from": []
                              },
                              {
                                "name": "PORT",
                                "value": "8080",
                                "value_from": []
                              },
                              {
                                "name": "RABBIT",
                                "value": "amqp://guest:guest@rabbit:5672",
                                "value_from": []
                              },
                              {
                                "name": "ServerURL",
                                "value": "http://api.pollit.com",
                                "value_from": []
                              }
                            ],
                            "env_from": [],
                            "image": "266223464694.dkr.ecr.us-east-2.amazonaws.com/pollit_registry:1",
                            "image_pull_policy": "",
                            "lifecycle": [],
                            "liveness_probe": [],
                            "name": "pollit-frontend",
                            "port": [],
                            "readiness_probe": [],
                            "resources": [],
                            "security_context": [],
                            "startup_probe": [],
                            "stdin": false,
                            "stdin_once": false,
                            "termination_message_path": "/dev/termination-log",
                            "termination_message_policy": "",
                            "tty": false,
                            "volume_mount": [],
                            "working_dir": ""
                          }
                        ],
                        "dns_config": [],
                        "dns_policy": "ClusterFirst",
                        "enable_service_links": true,
                        "host_aliases": [],
                        "host_ipc": false,
                        "host_network": false,
                        "host_pid": false,
                        "hostname": "pollit-frontend",
                        "image_pull_secrets": [
                          {
                            "name": "docker-credentials"
                          }
                        ],
                        "init_container": [],
                        "node_name": "",
                        "node_selector": {
                          "node-type": "frontend"
                        },
                        "priority_class_name": "",
                        "readiness_gate": [],
                        "restart_policy": "Always",
                        "security_context": [],
                        "service_account_name": "",
                        "share_process_namespace": false,
                        "subdomain": "",
                        "termination_grace_period_seconds": 30,
                        "toleration": [],
                        "topology_spread_constraint": [],
                        "volume": []
                      }
                    ]
                  }
                ]
              }
            ],
            "timeouts": null,
            "wait_for_rollout": true
          },
          "sensitive_attributes": [],
          "private": "eyJlMmJmYjczMC1lY2FhLTExZTYtOGY4OC0zNDM2M2JjN2M0YzAiOnsiY3JlYXRlIjo2MDAwMDAwMDAwMDAsImRlbGV0ZSI6NjAwMDAwMDAwMDAwLCJ1cGRhdGUiOjYwMDAwMDAwMDAwMH0sInNjaGVtYV92ZXJzaW9uIjoiMSJ9",
          "dependencies": [
            "aws_ecr_repository.registry",
            "data.aws_ecr_authorization_token.token",
            "data.aws_eks_cluster.cluster",
            "data.terraform_remote_state.eks",
            "kubernetes_secret.docker_credentials",
            "module.pollitF-microservice.null_resource.docker_build",
            "module.pollitF-microservice.null_resource.docker_login",
            "module.pollitF-microservice.null_resource.docker_push"
          ]
        }
      ]
    },
    {
      "module": "module.pollitF-microservice",
      "mode": "managed",
      "type": "kubernetes_service",
      "name": "service",
      "provider": "provider[\"registry.terraform.io/hashicorp/kubernetes\"]",
      "instances": []
    },
    {
      "module": "module.pollitF-microservice",
      "mode": "managed",
      "type": "null_resource",
      "name": "docker_build",
      "provider": "provider[\"registry.terraform.io/hashicorp/null\"]",
      "instances": [
        {
          "schema_version": 0,
          "attributes": {
            "id": "4036638127266214639",
            "triggers": {
              "always_run": "2022-10-18T15:02:45Z"
            }
          },
          "sensitive_attributes": [],
          "private": "bnVsbA==",
          "dependencies": [
            "aws_ecr_repository.registry"
          ]
        }
      ]
    },
    {
      "module": "module.pollitF-microservice",
      "mode": "managed",
      "type": "null_resource",
      "name": "docker_login",
      "provider": "provider[\"registry.terraform.io/hashicorp/null\"]",
      "instances": [
        {
          "schema_version": 0,
          "attributes": {
            "id": "1990051384753217169",
            "triggers": {
              "always_run": "2022-10-18T15:03:01Z"
            }
          },
          "sensitive_attributes": [],
          "private": "bnVsbA==",
          "dependencies": [
            "aws_ecr_repository.registry",
            "data.terraform_remote_state.eks",
            "module.pollitF-microservice.null_resource.docker_build"
          ]
        }
      ]
    },
    {
      "module": "module.pollitF-microservice",
      "mode": "managed",
      "type": "null_resource",
      "name": "docker_push",
      "provider": "provider[\"registry.terraform.io/hashicorp/null\"]",
      "instances": [
        {
          "schema_version": 0,
          "attributes": {
            "id": "7620203210317475432",
            "triggers": {
              "always_run": "2022-10-18T15:03:15Z"
            }
          },
          "sensitive_attributes": [],
          "private": "bnVsbA==",
          "dependencies": [
            "aws_ecr_repository.registry",
            "data.terraform_remote_state.eks",
            "module.pollitF-microservice.null_resource.docker_build",
            "module.pollitF-microservice.null_resource.docker_login"
          ]
        }
      ]
    },
    {
      "module": "module.pollitreporting-microservice",
      "mode": "managed",
      "type": "kubernetes_deployment",
      "name": "service_deployment",
      "provider": "provider[\"registry.terraform.io/hashicorp/kubernetes\"]",
      "instances": [
        {
          "schema_version": 1,
          "attributes": {
            "id": "default/pollit-reporting",
            "metadata": [
              {
                "annotations": null,
                "generate_name": "",
                "generation": 1,
                "labels": {
                  "pod": "pollit-reporting"
                },
                "name": "pollit-reporting",
                "namespace": "default",
                "resource_version": "12868",
                "uid": "52bea797-5bc1-4501-a70d-4e22ed9a1aa4"
              }
            ],
            "spec": [
              {
                "min_ready_seconds": 0,
                "paused": false,
                "progress_deadline_seconds": 600,
                "replicas": "1",
                "revision_history_limit": 10,
                "selector": [
                  {
                    "match_expressions": [],
                    "match_labels": {
                      "pod": "pollit-reporting"
                    }
                  }
                ],
                "strategy": [
                  {
                    "rolling_update": [
                      {
                        "max_surge": "25%",
                        "max_unavailable": "25%"
                      }
                    ],
                    "type": "RollingUpdate"
                  }
                ],
                "template": [
                  {
                    "metadata": [
                      {
                        "annotations": null,
                        "generate_name": "",
                        "generation": 0,
                        "labels": {
                          "pod": "pollit-reporting"
                        },
                        "name": "",
                        "namespace": "",
                        "resource_version": "",
                        "uid": ""
                      }
                    ],
                    "spec": [
                      {
                        "active_deadline_seconds": 0,
                        "affinity": [],
                        "automount_service_account_token": true,
                        "container": [
                          {
                            "args": null,
                            "command": null,
                            "env": [
                              {
                                "name": "PORT",
                                "value": "80",
                                "value_from": []
                              },
                              {
                                "name": "ACCOUNTS_MICROS",
                                "value": "http://accounts-micros",
                                "value_from": []
                              },
                              {
                                "name": "DB",
                                "value": "mongodb://reporting:reportingpass1@10.0.1.70:27017,10.0.2.153:27017,10.0.3.205:27017/",
                                "value_from": []
                              },
                              {
                                "name": "DBNAME",
                                "value": "pollitreporting",
                                "value_from": []
                              },
                              {
                                "name": "DEMOGRAPHY_MICROS",
                                "value": "http://demography-micros",
                                "value_from": []
                              },
                              {
                                "name": "POLLS_MICROS",
                                "value": "http://polls-micros",
                                "value_from": []
                              },
                              {
                                "name": "PORT",
                                "value": "8080",
                                "value_from": []
                              },
                              {
                                "name": "RABBIT",
                                "value": "amqp://guest:guest@rabbit:5672",
                                "value_from": []
                              }
                            ],
                            "env_from": [],
                            "image": "266223464694.dkr.ecr.us-east-2.amazonaws.com/pollit_registry:1",
                            "image_pull_policy": "IfNotPresent",
                            "lifecycle": [],
                            "liveness_probe": [],
                            "name": "pollit-reporting",
                            "port": [],
                            "readiness_probe": [],
                            "resources": [
                              {
                                "limits": null,
                                "requests": null
                              }
                            ],
                            "security_context": [],
                            "startup_probe": [],
                            "stdin": false,
                            "stdin_once": false,
                            "termination_message_path": "/dev/termination-log",
                            "termination_message_policy": "File",
                            "tty": false,
                            "volume_mount": [],
                            "working_dir": ""
                          }
                        ],
                        "dns_config": [],
                        "dns_policy": "ClusterFirst",
                        "enable_service_links": true,
                        "host_aliases": [],
                        "host_ipc": false,
                        "host_network": false,
                        "host_pid": false,
                        "hostname": "pollit-reporting",
                        "image_pull_secrets": [
                          {
                            "name": "docker-credentials"
                          }
                        ],
                        "init_container": [],
                        "node_name": "",
                        "node_selector": {
                          "node-type": "backend"
                        },
                        "priority_class_name": "",
                        "readiness_gate": [],
                        "restart_policy": "Always",
                        "security_context": [],
                        "service_account_name": "",
                        "share_process_namespace": false,
                        "subdomain": "",
                        "termination_grace_period_seconds": 30,
                        "toleration": [],
                        "topology_spread_constraint": [],
                        "volume": []
                      }
                    ]
                  }
                ]
              }
            ],
            "timeouts": null,
            "wait_for_rollout": true
          },
          "sensitive_attributes": [],
          "private": "eyJlMmJmYjczMC1lY2FhLTExZTYtOGY4OC0zNDM2M2JjN2M0YzAiOnsiY3JlYXRlIjo2MDAwMDAwMDAwMDAsImRlbGV0ZSI6NjAwMDAwMDAwMDAwLCJ1cGRhdGUiOjYwMDAwMDAwMDAwMH0sInNjaGVtYV92ZXJzaW9uIjoiMSJ9",
          "dependencies": [
            "aws_ecr_repository.registry",
            "data.aws_ecr_authorization_token.token",
            "data.aws_eks_cluster.cluster",
            "data.aws_instances.mongodb_instances",
            "data.terraform_remote_state.eks",
            "kubernetes_secret.docker_credentials",
            "module.pollitreporting-microservice.null_resource.docker_build",
            "module.pollitreporting-microservice.null_resource.docker_login",
            "module.pollitreporting-microservice.null_resource.docker_push"
          ]
        }
      ]
    },
    {
      "module": "module.pollitreporting-microservice",
      "mode": "managed",
      "type": "kubernetes_service",
      "name": "service",
      "provider": "provider[\"registry.terraform.io/hashicorp/kubernetes\"]",
      "instances": [
        {
          "schema_version": 1,
          "attributes": {
            "id": "default/pollit-reporting",
            "metadata": [
              {
                "annotations": null,
                "generate_name": "",
                "generation": 0,
                "labels": {
                  "app": "pollit-reporting"
                },
                "name": "pollit-reporting",
                "namespace": "default",
                "resource_version": "12911",
                "uid": "22e1ac43-c965-4f86-a770-d4fadf0a4b6e"
              }
            ],
            "spec": [
              {
                "allocate_load_balancer_node_ports": true,
                "cluster_ip": "172.20.118.231",
                "cluster_ips": [
                  "172.20.118.231"
                ],
                "external_ips": null,
                "external_name": "",
                "external_traffic_policy": "Cluster",
                "health_check_node_port": 0,
                "internal_traffic_policy": "Cluster",
                "ip_families": [
                  "IPv4"
                ],
                "ip_family_policy": "SingleStack",
                "load_balancer_class": "",
                "load_balancer_ip": "",
                "load_balancer_source_ranges": null,
                "port": [
                  {
                    "app_protocol": "",
                    "name": "http",
                    "node_port": 30795,
                    "port": 80,
                    "protocol": "TCP",
                    "target_port": "8080"
                  }
                ],
                "publish_not_ready_addresses": false,
                "selector": {
                  "pod": "pollit-reporting"
                },
                "session_affinity": "None",
                "session_affinity_config": [],
                "type": "NodePort"
              }
            ],
            "status": [
              {
                "load_balancer": [
                  {
                    "ingress": []
                  }
                ]
              }
            ],
            "timeouts": null,
            "wait_for_load_balancer": true
          },
          "sensitive_attributes": [],
          "private": "eyJlMmJmYjczMC1lY2FhLTExZTYtOGY4OC0zNDM2M2JjN2M0YzAiOnsiY3JlYXRlIjo2MDAwMDAwMDAwMDB9LCJzY2hlbWFfdmVyc2lvbiI6IjEifQ==",
          "dependencies": [
            "aws_ecr_repository.registry",
            "data.aws_ecr_authorization_token.token",
            "data.aws_eks_cluster.cluster",
            "data.aws_instances.mongodb_instances",
            "data.terraform_remote_state.eks",
            "kubernetes_secret.docker_credentials",
            "module.pollitreporting-microservice.kubernetes_deployment.service_deployment",
            "module.pollitreporting-microservice.null_resource.docker_build",
            "module.pollitreporting-microservice.null_resource.docker_login",
            "module.pollitreporting-microservice.null_resource.docker_push"
          ]
        }
      ]
    },
    {
      "module": "module.pollitreporting-microservice",
      "mode": "managed",
      "type": "null_resource",
      "name": "docker_build",
      "provider": "provider[\"registry.terraform.io/hashicorp/null\"]",
      "instances": [
        {
          "schema_version": 0,
          "attributes": {
            "id": "8870437826335930245",
            "triggers": {
              "always_run": "2022-10-18T15:02:45Z"
            }
          },
          "sensitive_attributes": [],
          "private": "bnVsbA==",
          "dependencies": [
            "aws_ecr_repository.registry"
          ]
        }
      ]
    },
    {
      "module": "module.pollitreporting-microservice",
      "mode": "managed",
      "type": "null_resource",
      "name": "docker_login",
      "provider": "provider[\"registry.terraform.io/hashicorp/null\"]",
      "instances": [
        {
          "schema_version": 0,
          "attributes": {
            "id": "2211980309757853828",
            "triggers": {
              "always_run": "2022-10-18T15:03:01Z"
            }
          },
          "sensitive_attributes": [],
          "private": "bnVsbA==",
          "dependencies": [
            "aws_ecr_repository.registry",
            "data.terraform_remote_state.eks",
            "module.pollitreporting-microservice.null_resource.docker_build"
          ]
        }
      ]
    },
    {
      "module": "module.pollitreporting-microservice",
      "mode": "managed",
      "type": "null_resource",
      "name": "docker_push",
      "provider": "provider[\"registry.terraform.io/hashicorp/null\"]",
      "instances": [
        {
          "schema_version": 0,
          "attributes": {
            "id": "4305572558940939863",
            "triggers": {
              "always_run": "2022-10-18T15:03:11Z"
            }
          },
          "sensitive_attributes": [],
          "private": "bnVsbA==",
          "dependencies": [
            "aws_ecr_repository.registry",
            "data.terraform_remote_state.eks",
            "module.pollitreporting-microservice.null_resource.docker_build",
            "module.pollitreporting-microservice.null_resource.docker_login"
          ]
        }
      ]
    },
    {
      "module": "module.polls-microservice",
      "mode": "managed",
      "type": "kubernetes_deployment",
      "name": "service_deployment",
      "provider": "provider[\"registry.terraform.io/hashicorp/kubernetes\"]",
      "instances": [
        {
          "schema_version": 1,
          "attributes": {
            "id": "default/polls-micros",
            "metadata": [
              {
                "annotations": null,
                "generate_name": "",
                "generation": 1,
                "labels": {
                  "pod": "polls-micros"
                },
                "name": "polls-micros",
                "namespace": "default",
                "resource_version": "12755",
                "uid": "c545e10b-eb26-4243-8954-b05e570d5511"
              }
            ],
            "spec": [
              {
                "min_ready_seconds": 0,
                "paused": false,
                "progress_deadline_seconds": 600,
                "replicas": "1",
                "revision_history_limit": 10,
                "selector": [
                  {
                    "match_expressions": [],
                    "match_labels": {
                      "pod": "polls-micros"
                    }
                  }
                ],
                "strategy": [
                  {
                    "rolling_update": [
                      {
                        "max_surge": "25%",
                        "max_unavailable": "25%"
                      }
                    ],
                    "type": "RollingUpdate"
                  }
                ],
                "template": [
                  {
                    "metadata": [
                      {
                        "annotations": null,
                        "generate_name": "",
                        "generation": 0,
                        "labels": {
                          "pod": "polls-micros"
                        },
                        "name": "",
                        "namespace": "",
                        "resource_version": "",
                        "uid": ""
                      }
                    ],
                    "spec": [
                      {
                        "active_deadline_seconds": 0,
                        "affinity": [],
                        "automount_service_account_token": true,
                        "container": [
                          {
                            "args": null,
                            "command": null,
                            "env": [
                              {
                                "name": "PORT",
                                "value": "80",
                                "value_from": []
                              },
                              {
                                "name": "ACCOUNTS_MICROS",
                                "value": "http://accounts-micros",
                                "value_from": []
                              },
                              {
                                "name": "DB",
                                "value": "mongodb://polls:pollspass1@10.0.1.70:27017,10.0.2.153:27017,10.0.3.205:27017/polls",
                                "value_from": []
                              },
                              {
                                "name": "DEMOGRAPHY_MICROS",
                                "value": "http://demography-micros",
                                "value_from": []
                              },
                              {
                                "name": "POLLS_MICROS",
                                "value": "http://polls-micros",
                                "value_from": []
                              },
                              {
                                "name": "PORT",
                                "value": "8080",
                                "value_from": []
                              },
                              {
                                "name": "RABBIT",
                                "value": "amqp://guest:guest@rabbit:5672",
                                "value_from": []
                              }
                            ],
                            "env_from": [],
                            "image": "266223464694.dkr.ecr.us-east-2.amazonaws.com/pollit_registry:1",
                            "image_pull_policy": "IfNotPresent",
                            "lifecycle": [],
                            "liveness_probe": [],
                            "name": "polls-micros",
                            "port": [],
                            "readiness_probe": [],
                            "resources": [
                              {
                                "limits": null,
                                "requests": null
                              }
                            ],
                            "security_context": [],
                            "startup_probe": [],
                            "stdin": false,
                            "stdin_once": false,
                            "termination_message_path": "/dev/termination-log",
                            "termination_message_policy": "File",
                            "tty": false,
                            "volume_mount": [],
                            "working_dir": ""
                          }
                        ],
                        "dns_config": [],
                        "dns_policy": "ClusterFirst",
                        "enable_service_links": true,
                        "host_aliases": [],
                        "host_ipc": false,
                        "host_network": false,
                        "host_pid": false,
                        "hostname": "polls-micros",
                        "image_pull_secrets": [
                          {
                            "name": "docker-credentials"
                          }
                        ],
                        "init_container": [],
                        "node_name": "",
                        "node_selector": {
                          "node-type": "backend"
                        },
                        "priority_class_name": "",
                        "readiness_gate": [],
                        "restart_policy": "Always",
                        "security_context": [],
                        "service_account_name": "",
                        "share_process_namespace": false,
                        "subdomain": "",
                        "termination_grace_period_seconds": 30,
                        "toleration": [],
                        "topology_spread_constraint": [],
                        "volume": []
                      }
                    ]
                  }
                ]
              }
            ],
            "timeouts": null,
            "wait_for_rollout": true
          },
          "sensitive_attributes": [],
          "private": "eyJlMmJmYjczMC1lY2FhLTExZTYtOGY4OC0zNDM2M2JjN2M0YzAiOnsiY3JlYXRlIjo2MDAwMDAwMDAwMDAsImRlbGV0ZSI6NjAwMDAwMDAwMDAwLCJ1cGRhdGUiOjYwMDAwMDAwMDAwMH0sInNjaGVtYV92ZXJzaW9uIjoiMSJ9",
          "dependencies": [
            "aws_ecr_repository.registry",
            "data.aws_ecr_authorization_token.token",
            "data.aws_eks_cluster.cluster",
            "data.aws_instances.mongodb_instances",
            "data.terraform_remote_state.eks",
            "kubernetes_secret.docker_credentials",
            "module.polls-microservice.null_resource.docker_build",
            "module.polls-microservice.null_resource.docker_login",
            "module.polls-microservice.null_resource.docker_push"
          ]
        }
      ]
    },
    {
      "module": "module.polls-microservice",
      "mode": "managed",
      "type": "kubernetes_service",
      "name": "service",
      "provider": "provider[\"registry.terraform.io/hashicorp/kubernetes\"]",
      "instances": [
        {
          "schema_version": 1,
          "attributes": {
            "id": "default/polls-micros",
            "metadata": [
              {
                "annotations": null,
                "generate_name": "",
                "generation": 0,
                "labels": {
                  "app": "polls-micros"
                },
                "name": "polls-micros",
                "namespace": "default",
                "resource_version": "12804",
                "uid": "71a0c803-8390-4512-9827-db383cf6c18e"
              }
            ],
            "spec": [
              {
                "allocate_load_balancer_node_ports": true,
                "cluster_ip": "172.20.159.13",
                "cluster_ips": [
                  "172.20.159.13"
                ],
                "external_ips": null,
                "external_name": "",
                "external_traffic_policy": "Cluster",
                "health_check_node_port": 0,
                "internal_traffic_policy": "Cluster",
                "ip_families": [
                  "IPv4"
                ],
                "ip_family_policy": "SingleStack",
                "load_balancer_class": "",
                "load_balancer_ip": "",
                "load_balancer_source_ranges": null,
                "port": [
                  {
                    "app_protocol": "",
                    "name": "http",
                    "node_port": 31860,
                    "port": 80,
                    "protocol": "TCP",
                    "target_port": "8080"
                  }
                ],
                "publish_not_ready_addresses": false,
                "selector": {
                  "pod": "polls-micros"
                },
                "session_affinity": "None",
                "session_affinity_config": [],
                "type": "NodePort"
              }
            ],
            "status": [
              {
                "load_balancer": [
                  {
                    "ingress": []
                  }
                ]
              }
            ],
            "timeouts": null,
            "wait_for_load_balancer": true
          },
          "sensitive_attributes": [],
          "private": "eyJlMmJmYjczMC1lY2FhLTExZTYtOGY4OC0zNDM2M2JjN2M0YzAiOnsiY3JlYXRlIjo2MDAwMDAwMDAwMDB9LCJzY2hlbWFfdmVyc2lvbiI6IjEifQ==",
          "dependencies": [
            "aws_ecr_repository.registry",
            "data.aws_ecr_authorization_token.token",
            "data.aws_eks_cluster.cluster",
            "data.aws_instances.mongodb_instances",
            "data.terraform_remote_state.eks",
            "kubernetes_secret.docker_credentials",
            "module.polls-microservice.kubernetes_deployment.service_deployment",
            "module.polls-microservice.null_resource.docker_build",
            "module.polls-microservice.null_resource.docker_login",
            "module.polls-microservice.null_resource.docker_push"
          ]
        }
      ]
    },
    {
      "module": "module.polls-microservice",
      "mode": "managed",
      "type": "null_resource",
      "name": "docker_build",
      "provider": "provider[\"registry.terraform.io/hashicorp/null\"]",
      "instances": [
        {
          "schema_version": 0,
          "attributes": {
            "id": "8861123871245655096",
            "triggers": {
              "always_run": "2022-10-18T15:02:45Z"
            }
          },
          "sensitive_attributes": [],
          "private": "bnVsbA==",
          "dependencies": [
            "aws_ecr_repository.registry"
          ]
        }
      ]
    },
    {
      "module": "module.polls-microservice",
      "mode": "managed",
      "type": "null_resource",
      "name": "docker_login",
      "provider": "provider[\"registry.terraform.io/hashicorp/null\"]",
      "instances": [
        {
          "schema_version": 0,
          "attributes": {
            "id": "6931159378931234051",
            "triggers": {
              "always_run": "2022-10-18T15:03:01Z"
            }
          },
          "sensitive_attributes": [],
          "private": "bnVsbA==",
          "dependencies": [
            "aws_ecr_repository.registry",
            "data.terraform_remote_state.eks",
            "module.polls-microservice.null_resource.docker_build"
          ]
        }
      ]
    },
    {
      "module": "module.polls-microservice",
      "mode": "managed",
      "type": "null_resource",
      "name": "docker_push",
      "provider": "provider[\"registry.terraform.io/hashicorp/null\"]",
      "instances": [
        {
          "schema_version": 0,
          "attributes": {
            "id": "4099983451712042822",
            "triggers": {
              "always_run": "2022-10-18T15:03:11Z"
            }
          },
          "sensitive_attributes": [],
          "private": "bnVsbA==",
          "dependencies": [
            "aws_ecr_repository.registry",
            "data.terraform_remote_state.eks",
            "module.polls-microservice.null_resource.docker_build",
            "module.polls-microservice.null_resource.docker_login"
          ]
        }
      ]
    }
  ]
}
