{
  "version": 4,
  "terraform_version": "1.2.7",
  "serial": 517,
  "lineage": "b89a74b9-b98f-4512-9da0-a7c48704480a",
  "outputs": {},
  "resources": [
    {
      "mode": "data",
      "type": "terraform_remote_state",
      "name": "eks",
      "provider": "provider[\"terraform.io/builtin/terraform\"]",
      "instances": [
        {
          "schema_version": 0,
          "attributes": {
            "backend": "local",
            "config": {
              "value": {
                "path": "../aws_eks/terraform.tfstate"
              },
              "type": [
                "object",
                {
                  "path": "string"
                }
              ]
            },
            "defaults": null,
            "outputs": {
              "value": {
                "cluster_endpoint": "https://767692B132F93DF92FC36C8268404508.gr7.us-east-2.eks.amazonaws.com",
                "cluster_id": "pollitng-eks-2vSlCXd5",
                "cluster_name": "pollitng-eks-2vSlCXd5",
                "cluster_security_group_id": "sg-0dea48db4bf875c71",
                "region": "us-east-2"
              },
              "type": [
                "object",
                {
                  "cluster_endpoint": "string",
                  "cluster_id": "string",
                  "cluster_name": "string",
                  "cluster_security_group_id": "string",
                  "region": "string"
                }
              ]
            },
            "workspace": null
          },
          "sensitive_attributes": []
        }
      ]
    },
    {
      "mode": "managed",
      "type": "aws_ecr_repository",
      "name": "registry",
      "provider": "provider[\"registry.terraform.io/hashicorp/aws\"]",
      "instances": [
        {
          "schema_version": 0,
          "attributes": {
            "arn": "arn:aws:ecr:us-east-2:266223464694:repository/pollit_registry",
            "encryption_configuration": [
              {
                "encryption_type": "AES256",
                "kms_key": ""
              }
            ],
            "force_delete": null,
            "id": "pollit_registry",
            "image_scanning_configuration": [
              {
                "scan_on_push": false
              }
            ],
            "image_tag_mutability": "MUTABLE",
            "name": "pollit_registry",
            "registry_id": "266223464694",
            "repository_url": "266223464694.dkr.ecr.us-east-2.amazonaws.com/pollit_registry",
            "tags": {},
            "tags_all": {},
            "timeouts": null
          },
          "sensitive_attributes": [],
          "private": "eyJlMmJmYjczMC1lY2FhLTExZTYtOGY4OC0zNDM2M2JjN2M0YzAiOnsiZGVsZXRlIjoxMjAwMDAwMDAwMDAwfX0=",
          "dependencies": [
            "data.terraform_remote_state.eks"
          ]
        }
      ]
    }
  ]
}
